// !$*UTF8*$!
{
	archiveVersion = 1;
	classes = {
	};
	objectVersion = 48;
	objects = {

/* Begin PBXBuildFile section */
		DA8F9FDC203ABC8C00BEA495 /* versioner.sh in Resources */ = {isa = PBXBuildFile; fileRef = DA8F9F54203ABC8C00BEA495 /* versioner.sh */; };
		DA8FA041203ABC8C00BEA495 /* LaunchScreen.storyboard in Resources */ = {isa = PBXBuildFile; fileRef = DA8F9FCC203ABC8C00BEA495 /* LaunchScreen.storyboard */; };
		DA8FA042203ABC8C00BEA495 /* LocalizableModel.strings in Resources */ = {isa = PBXBuildFile; fileRef = DA8F9FCF203ABC8C00BEA495 /* LocalizableModel.strings */; };
		DA8FA043203ABC8C00BEA495 /* InfoPlist.strings in Resources */ = {isa = PBXBuildFile; fileRef = DA8F9FD1203ABC8C00BEA495 /* InfoPlist.strings */; };
		DA8FA044203ABC8C00BEA495 /* LocalizableError.strings in Resources */ = {isa = PBXBuildFile; fileRef = DA8F9FD3203ABC8C00BEA495 /* LocalizableError.strings */; };
		DA8FA045203ABC8C00BEA495 /* LocalizableView.strings in Resources */ = {isa = PBXBuildFile; fileRef = DA8F9FD5203ABC8C00BEA495 /* LocalizableView.strings */; };
		DA8FA046203ABC8C00BEA495 /* LocalizableController.strings in Resources */ = {isa = PBXBuildFile; fileRef = DA8F9FD7203ABC8C00BEA495 /* LocalizableController.strings */; };
		DA8FA047203ABC8C00BEA495 /* LICENSE in Resources */ = {isa = PBXBuildFile; fileRef = DA8F9FDA203ABC8C00BEA495 /* LICENSE */; };
		DA8FA048203ABC8C00BEA495 /* README.md in Resources */ = {isa = PBXBuildFile; fileRef = DA8F9FDB203ABC8C00BEA495 /* README.md */; };
		DAE5F66C203737380023E75B /* .codebeatsettings in Resources */ = {isa = PBXBuildFile; fileRef = DAE5F66B203737380023E75B /* .codebeatsettings */; };
/* End PBXBuildFile section */

/* Begin PBXFileReference section */
		DA8F9F54203ABC8C00BEA495 /* versioner.sh */ = {isa = PBXFileReference; fileEncoding = 4; lastKnownFileType = text.script.sh; path = versioner.sh; sourceTree = "<group>"; };
		DA8F9FCA203ABC8C00BEA495 /* Info.plist */ = {isa = PBXFileReference; fileEncoding = 4; lastKnownFileType = text.plist.xml; path = Info.plist; sourceTree = "<group>"; };
		DA8F9FCC203ABC8C00BEA495 /* LaunchScreen.storyboard */ = {isa = PBXFileReference; fileEncoding = 4; lastKnownFileType = file.storyboard; path = LaunchScreen.storyboard; sourceTree = "<group>"; };
		DA8F9FD0203ABC8C00BEA495 /* en */ = {isa = PBXFileReference; lastKnownFileType = text.plist.strings; name = en; path = en.lproj/LocalizableModel.strings; sourceTree = "<group>"; };
		DA8F9FD2203ABC8C00BEA495 /* en */ = {isa = PBXFileReference; lastKnownFileType = text.plist.strings; name = en; path = en.lproj/InfoPlist.strings; sourceTree = "<group>"; };
		DA8F9FD4203ABC8C00BEA495 /* en */ = {isa = PBXFileReference; lastKnownFileType = text.plist.strings; name = en; path = en.lproj/LocalizableError.strings; sourceTree = "<group>"; };
		DA8F9FD6203ABC8C00BEA495 /* en */ = {isa = PBXFileReference; lastKnownFileType = text.plist.strings; name = en; path = en.lproj/LocalizableView.strings; sourceTree = "<group>"; };
		DA8F9FD8203ABC8C00BEA495 /* en */ = {isa = PBXFileReference; lastKnownFileType = text.plist.strings; name = en; path = en.lproj/LocalizableController.strings; sourceTree = "<group>"; };
		DA8F9FDA203ABC8C00BEA495 /* LICENSE */ = {isa = PBXFileReference; fileEncoding = 4; lastKnownFileType = text; path = LICENSE; sourceTree = "<group>"; };
		DA8F9FDB203ABC8C00BEA495 /* README.md */ = {isa = PBXFileReference; fileEncoding = 4; lastKnownFileType = net.daringfireball.markdown; path = README.md; sourceTree = "<group>"; };
		DAE5F65620370A930023E75B /* radcity.app */ = {isa = PBXFileReference; explicitFileType = wrapper.application; includeInIndex = 0; path = radcity.app; sourceTree = BUILT_PRODUCTS_DIR; };
		DAE5F66B203737380023E75B /* .codebeatsettings */ = {isa = PBXFileReference; lastKnownFileType = text; path = .codebeatsettings; sourceTree = "<group>"; };
/* End PBXFileReference section */

/* Begin PBXFrameworksBuildPhase section */
		DAE5F65320370A930023E75B /* Frameworks */ = {
			isa = PBXFrameworksBuildPhase;
			buildActionMask = 2147483647;
			files = (
			);
			runOnlyForDeploymentPostprocessing = 0;
		};
/* End PBXFrameworksBuildPhase section */

/* Begin PBXGroup section */
		DA8F9F53203ABC8C00BEA495 /* Scripts */ = {
			isa = PBXGroup;
			children = (
				DA8F9F54203ABC8C00BEA495 /* versioner.sh */,
			);
			path = Scripts;
			sourceTree = "<group>";
		};
		DA8F9FC9203ABC8C00BEA495 /* Info */ = {
			isa = PBXGroup;
			children = (
				DA8F9FCA203ABC8C00BEA495 /* Info.plist */,
			);
			path = Info;
			sourceTree = "<group>";
		};
		DA8F9FCB203ABC8C00BEA495 /* Assets */ = {
			isa = PBXGroup;
			children = (
				DA8F9FCC203ABC8C00BEA495 /* LaunchScreen.storyboard */,
			);
			path = Assets;
			sourceTree = "<group>";
		};
		DA8F9FCD203ABC8C00BEA495 /* Design */ = {
			isa = PBXGroup;
			children = (
			);
			path = Design;
			sourceTree = "<group>";
		};
		DA8F9FCE203ABC8C00BEA495 /* Resources */ = {
			isa = PBXGroup;
			children = (
				DA8F9FCF203ABC8C00BEA495 /* LocalizableModel.strings */,
				DA8F9FD1203ABC8C00BEA495 /* InfoPlist.strings */,
				DA8F9FD3203ABC8C00BEA495 /* LocalizableError.strings */,
				DA8F9FD5203ABC8C00BEA495 /* LocalizableView.strings */,
				DA8F9FD7203ABC8C00BEA495 /* LocalizableController.strings */,
			);
			path = Resources;
			sourceTree = "<group>";
		};
		DA8F9FD9203ABC8C00BEA495 /* Coredata */ = {
			isa = PBXGroup;
			children = (
			);
			path = Coredata;
			sourceTree = "<group>";
		};
		DAE5F64D20370A930023E75B = {
			isa = PBXGroup;
			children = (
				DA8F9FCB203ABC8C00BEA495 /* Assets */,
				DA8F9FD9203ABC8C00BEA495 /* Coredata */,
				DA8F9FCD203ABC8C00BEA495 /* Design */,
				DA8F9FC9203ABC8C00BEA495 /* Info */,
				DA8F9FCE203ABC8C00BEA495 /* Resources */,
				DA8F9F53203ABC8C00BEA495 /* Scripts */,
				DA8F9FDA203ABC8C00BEA495 /* LICENSE */,
				DA8F9FDB203ABC8C00BEA495 /* README.md */,
				DAE5F66B203737380023E75B /* .codebeatsettings */,
				DAE5F65720370A930023E75B /* Products */,
			);
			sourceTree = "<group>";
		};
		DAE5F65720370A930023E75B /* Products */ = {
			isa = PBXGroup;
			children = (
				DAE5F65620370A930023E75B /* radcity.app */,
			);
			name = Products;
			sourceTree = "<group>";
		};
/* End PBXGroup section */

/* Begin PBXNativeTarget section */
		DAE5F65520370A930023E75B /* radcity */ = {
			isa = PBXNativeTarget;
			buildConfigurationList = DAE5F66820370A930023E75B /* Build configuration list for PBXNativeTarget "radcity" */;
			buildPhases = (
				DAE5F65220370A930023E75B /* Sources */,
				DAE5F65320370A930023E75B /* Frameworks */,
				DAE5F65420370A930023E75B /* Resources */,
			);
			buildRules = (
			);
			dependencies = (
			);
			name = radcity;
			productName = radcity;
			productReference = DAE5F65620370A930023E75B /* radcity.app */;
			productType = "com.apple.product-type.application";
		};
/* End PBXNativeTarget section */

/* Begin PBXProject section */
		DAE5F64E20370A930023E75B /* Project object */ = {
			isa = PBXProject;
			attributes = {
				LastSwiftUpdateCheck = 0920;
				LastUpgradeCheck = 0920;
				ORGANIZATIONNAME = iturbide;
				TargetAttributes = {
					DAE5F65520370A930023E75B = {
						CreatedOnToolsVersion = 9.2;
						ProvisioningStyle = Automatic;
					};
				};
			};
			buildConfigurationList = DAE5F65120370A930023E75B /* Build configuration list for PBXProject "radcity" */;
			compatibilityVersion = "Xcode 8.0";
			developmentRegion = en;
			hasScannedForEncodings = 0;
			knownRegions = (
				en,
				Base,
			);
			mainGroup = DAE5F64D20370A930023E75B;
			productRefGroup = DAE5F65720370A930023E75B /* Products */;
			projectDirPath = "";
			projectRoot = "";
			targets = (
				DAE5F65520370A930023E75B /* radcity */,
			);
		};
/* End PBXProject section */

/* Begin PBXResourcesBuildPhase section */
		DAE5F65420370A930023E75B /* Resources */ = {
			isa = PBXResourcesBuildPhase;
			buildActionMask = 2147483647;
			files = (
				DA8F9FDC203ABC8C00BEA495 /* versioner.sh in Resources */,
				DA8FA043203ABC8C00BEA495 /* InfoPlist.strings in Resources */,
				DA8FA046203ABC8C00BEA495 /* LocalizableController.strings in Resources */,
				DA8FA041203ABC8C00BEA495 /* LaunchScreen.storyboard in Resources */,
				DA8FA047203ABC8C00BEA495 /* LICENSE in Resources */,
				DAE5F66C203737380023E75B /* .codebeatsettings in Resources */,
				DA8FA045203ABC8C00BEA495 /* LocalizableView.strings in Resources */,
				DA8FA042203ABC8C00BEA495 /* LocalizableModel.strings in Resources */,
				DA8FA048203ABC8C00BEA495 /* README.md in Resources */,
				DA8FA044203ABC8C00BEA495 /* LocalizableError.strings in Resources */,
			);
			runOnlyForDeploymentPostprocessing = 0;
		};
/* End PBXResourcesBuildPhase section */

/* Begin PBXSourcesBuildPhase section */
		DAE5F65220370A930023E75B /* Sources */ = {
			isa = PBXSourcesBuildPhase;
			buildActionMask = 2147483647;
			files = (
			);
			runOnlyForDeploymentPostprocessing = 0;
		};
/* End PBXSourcesBuildPhase section */

/* Begin PBXVariantGroup section */
		DA8F9FCF203ABC8C00BEA495 /* LocalizableModel.strings */ = {
			isa = PBXVariantGroup;
			children = (
				DA8F9FD0203ABC8C00BEA495 /* en */,
			);
			name = LocalizableModel.strings;
			sourceTree = "<group>";
		};
		DA8F9FD1203ABC8C00BEA495 /* InfoPlist.strings */ = {
			isa = PBXVariantGroup;
			children = (
				DA8F9FD2203ABC8C00BEA495 /* en */,
			);
			name = InfoPlist.strings;
			sourceTree = "<group>";
		};
		DA8F9FD3203ABC8C00BEA495 /* LocalizableError.strings */ = {
			isa = PBXVariantGroup;
			children = (
				DA8F9FD4203ABC8C00BEA495 /* en */,
			);
			name = LocalizableError.strings;
			sourceTree = "<group>";
		};
		DA8F9FD5203ABC8C00BEA495 /* LocalizableView.strings */ = {
			isa = PBXVariantGroup;
			children = (
				DA8F9FD6203ABC8C00BEA495 /* en */,
			);
			name = LocalizableView.strings;
			sourceTree = "<group>";
		};
		DA8F9FD7203ABC8C00BEA495 /* LocalizableController.strings */ = {
			isa = PBXVariantGroup;
			children = (
				DA8F9FD8203ABC8C00BEA495 /* en */,
			);
			name = LocalizableController.strings;
			sourceTree = "<group>";
		};
/* End PBXVariantGroup section */

/* Begin XCBuildConfiguration section */
		DAE5F66620370A930023E75B /* Debug */ = {
			isa = XCBuildConfiguration;
			buildSettings = {
				ALWAYS_SEARCH_USER_PATHS = NO;
				CLANG_ANALYZER_NONNULL = YES;
				CLANG_ANALYZER_NUMBER_OBJECT_CONVERSION = YES_AGGRESSIVE;
				CLANG_CXX_LANGUAGE_STANDARD = "gnu++14";
				CLANG_CXX_LIBRARY = "libc++";
				CLANG_ENABLE_MODULES = YES;
				CLANG_ENABLE_OBJC_ARC = YES;
				CLANG_WARN_BLOCK_CAPTURE_AUTORELEASING = YES;
				CLANG_WARN_BOOL_CONVERSION = YES;
				CLANG_WARN_COMMA = YES;
				CLANG_WARN_CONSTANT_CONVERSION = YES;
				CLANG_WARN_DIRECT_OBJC_ISA_USAGE = YES_ERROR;
				CLANG_WARN_DOCUMENTATION_COMMENTS = YES;
				CLANG_WARN_EMPTY_BODY = YES;
				CLANG_WARN_ENUM_CONVERSION = YES;
				CLANG_WARN_INFINITE_RECURSION = YES;
				CLANG_WARN_INT_CONVERSION = YES;
				CLANG_WARN_NON_LITERAL_NULL_CONVERSION = YES;
				CLANG_WARN_OBJC_LITERAL_CONVERSION = YES;
				CLANG_WARN_OBJC_ROOT_CLASS = YES_ERROR;
				CLANG_WARN_RANGE_LOOP_ANALYSIS = YES;
				CLANG_WARN_STRICT_PROTOTYPES = YES;
				CLANG_WARN_SUSPICIOUS_MOVE = YES;
				CLANG_WARN_UNGUARDED_AVAILABILITY = YES_AGGRESSIVE;
				CLANG_WARN_UNREACHABLE_CODE = YES;
				CLANG_WARN__DUPLICATE_METHOD_MATCH = YES;
				CODE_SIGN_IDENTITY = "iPhone Developer";
				COPY_PHASE_STRIP = NO;
				DEBUG_INFORMATION_FORMAT = dwarf;
				ENABLE_STRICT_OBJC_MSGSEND = YES;
				ENABLE_TESTABILITY = YES;
				GCC_C_LANGUAGE_STANDARD = gnu11;
				GCC_DYNAMIC_NO_PIC = NO;
				GCC_NO_COMMON_BLOCKS = YES;
				GCC_OPTIMIZATION_LEVEL = 0;
				GCC_PREPROCESSOR_DEFINITIONS = (
					"DEBUG=1",
					"$(inherited)",
				);
				GCC_WARN_64_TO_32_BIT_CONVERSION = YES;
				GCC_WARN_ABOUT_RETURN_TYPE = YES_ERROR;
				GCC_WARN_UNDECLARED_SELECTOR = YES;
				GCC_WARN_UNINITIALIZED_AUTOS = YES_AGGRESSIVE;
				GCC_WARN_UNUSED_FUNCTION = YES;
				GCC_WARN_UNUSED_VARIABLE = YES;
				IPHONEOS_DEPLOYMENT_TARGET = 11.2;
				MTL_ENABLE_DEBUG_INFO = YES;
				ONLY_ACTIVE_ARCH = YES;
				SDKROOT = iphoneos;
				SWIFT_ACTIVE_COMPILATION_CONDITIONS = DEBUG;
				SWIFT_OPTIMIZATION_LEVEL = "-Onone";
			};
			name = Debug;
		};
		DAE5F66720370A930023E75B /* Release */ = {
			isa = XCBuildConfiguration;
			buildSettings = {
				ALWAYS_SEARCH_USER_PATHS = NO;
				CLANG_ANALYZER_NONNULL = YES;
				CLANG_ANALYZER_NUMBER_OBJECT_CONVERSION = YES_AGGRESSIVE;
				CLANG_CXX_LANGUAGE_STANDARD = "gnu++14";
				CLANG_CXX_LIBRARY = "libc++";
				CLANG_ENABLE_MODULES = YES;
				CLANG_ENABLE_OBJC_ARC = YES;
				CLANG_WARN_BLOCK_CAPTURE_AUTORELEASING = YES;
				CLANG_WARN_BOOL_CONVERSION = YES;
				CLANG_WARN_COMMA = YES;
				CLANG_WARN_CONSTANT_CONVERSION = YES;
				CLANG_WARN_DIRECT_OBJC_ISA_USAGE = YES_ERROR;
				CLANG_WARN_DOCUMENTATION_COMMENTS = YES;
				CLANG_WARN_EMPTY_BODY = YES;
				CLANG_WARN_ENUM_CONVERSION = YES;
				CLANG_WARN_INFINITE_RECURSION = YES;
				CLANG_WARN_INT_CONVERSION = YES;
				CLANG_WARN_NON_LITERAL_NULL_CONVERSION = YES;
				CLANG_WARN_OBJC_LITERAL_CONVERSION = YES;
				CLANG_WARN_OBJC_ROOT_CLASS = YES_ERROR;
				CLANG_WARN_RANGE_LOOP_ANALYSIS = YES;
				CLANG_WARN_STRICT_PROTOTYPES = YES;
				CLANG_WARN_SUSPICIOUS_MOVE = YES;
				CLANG_WARN_UNGUARDED_AVAILABILITY = YES_AGGRESSIVE;
				CLANG_WARN_UNREACHABLE_CODE = YES;
				CLANG_WARN__DUPLICATE_METHOD_MATCH = YES;
				CODE_SIGN_IDENTITY = "iPhone Developer";
				COPY_PHASE_STRIP = NO;
				DEBUG_INFORMATION_FORMAT = "dwarf-with-dsym";
				ENABLE_NS_ASSERTIONS = NO;
				ENABLE_STRICT_OBJC_MSGSEND = YES;
				GCC_C_LANGUAGE_STANDARD = gnu11;
				GCC_NO_COMMON_BLOCKS = YES;
				GCC_WARN_64_TO_32_BIT_CONVERSION = YES;
				GCC_WARN_ABOUT_RETURN_TYPE = YES_ERROR;
				GCC_WARN_UNDECLARED_SELECTOR = YES;
				GCC_WARN_UNINITIALIZED_AUTOS = YES_AGGRESSIVE;
				GCC_WARN_UNUSED_FUNCTION = YES;
				GCC_WARN_UNUSED_VARIABLE = YES;
				IPHONEOS_DEPLOYMENT_TARGET = 11.2;
				MTL_ENABLE_DEBUG_INFO = NO;
				SDKROOT = iphoneos;
				SWIFT_OPTIMIZATION_LEVEL = "-Owholemodule";
				VALIDATE_PRODUCT = YES;
			};
			name = Release;
		};
		DAE5F66920370A930023E75B /* Debug */ = {
			isa = XCBuildConfiguration;
			buildSettings = {
				ASSETCATALOG_COMPILER_APPICON_NAME = AppIcon;
				CODE_SIGN_STYLE = Automatic;
				DEVELOPMENT_TEAM = 7AMWG3RLHN;
				INFOPLIST_FILE = "$(SRCROOT)/Info/Info.plist";
				LD_RUNPATH_SEARCH_PATHS = "$(inherited) @executable_path/Frameworks";
				PRODUCT_BUNDLE_IDENTIFIER = iturbide.radcity;
				PRODUCT_NAME = "$(TARGET_NAME)";
				SWIFT_VERSION = 4.0;
				TARGETED_DEVICE_FAMILY = "1,2";
			};
			name = Debug;
		};
		DAE5F66A20370A930023E75B /* Release */ = {
			isa = XCBuildConfiguration;
			buildSettings = {
				ASSETCATALOG_COMPILER_APPICON_NAME = AppIcon;
				CODE_SIGN_STYLE = Automatic;
				DEVELOPMENT_TEAM = 7AMWG3RLHN;
				INFOPLIST_FILE = "$(SRCROOT)/Info/Info.plist";
				LD_RUNPATH_SEARCH_PATHS = "$(inherited) @executable_path/Frameworks";
				PRODUCT_BUNDLE_IDENTIFIER = iturbide.radcity;
				PRODUCT_NAME = "$(TARGET_NAME)";
				SWIFT_VERSION = 4.0;
				TARGETED_DEVICE_FAMILY = "1,2";
			};
			name = Release;
		};
/* End XCBuildConfiguration section */

/* Begin XCConfigurationList section */
		DAE5F65120370A930023E75B /* Build configuration list for PBXProject "radcity" */ = {
			isa = XCConfigurationList;
			buildConfigurations = (
				DAE5F66620370A930023E75B /* Debug */,
				DAE5F66720370A930023E75B /* Release */,
			);
			defaultConfigurationIsVisible = 0;
			defaultConfigurationName = Release;
		};
		DAE5F66820370A930023E75B /* Build configuration list for PBXNativeTarget "radcity" */ = {
			isa = XCConfigurationList;
			buildConfigurations = (
				DAE5F66920370A930023E75B /* Debug */,
				DAE5F66A20370A930023E75B /* Release */,
			);
			defaultConfigurationIsVisible = 0;
			defaultConfigurationName = Release;
		};
/* End XCConfigurationList section */
	};
	rootObject = DAE5F64E20370A930023E75B /* Project object */;
}
