// !$*UTF8*$!
{
	archiveVersion = 1;
	classes = {
	};
	objectVersion = 48;
	objects = {

/* Begin PBXBuildFile section */
		DA4A2781203C01D800F57044 /* ControllerParent+Push.swift in Sources */ = {isa = PBXBuildFile; fileRef = DA4A2780203C01D800F57044 /* ControllerParent+Push.swift */; };
		DA4A2783203C01F700F57044 /* ControllerParent+Pop.swift in Sources */ = {isa = PBXBuildFile; fileRef = DA4A2782203C01F700F57044 /* ControllerParent+Pop.swift */; };
		DA4A2785203C073200F57044 /* ControllerTransitionPush.swift in Sources */ = {isa = PBXBuildFile; fileRef = DA4A2784203C073200F57044 /* ControllerTransitionPush.swift */; };
		DA4A2787203C0B8600F57044 /* ControllerTransitionPop.swift in Sources */ = {isa = PBXBuildFile; fileRef = DA4A2786203C0B8600F57044 /* ControllerTransitionPop.swift */; };
		DA8F9FDC203ABC8C00BEA495 /* versioner.sh in Resources */ = {isa = PBXBuildFile; fileRef = DA8F9F54203ABC8C00BEA495 /* versioner.sh */; };
		DA8FA041203ABC8C00BEA495 /* LaunchScreen.storyboard in Resources */ = {isa = PBXBuildFile; fileRef = DA8F9FCC203ABC8C00BEA495 /* LaunchScreen.storyboard */; };
		DA8FA042203ABC8C00BEA495 /* LocalizableModel.strings in Resources */ = {isa = PBXBuildFile; fileRef = DA8F9FCF203ABC8C00BEA495 /* LocalizableModel.strings */; };
		DA8FA043203ABC8C00BEA495 /* InfoPlist.strings in Resources */ = {isa = PBXBuildFile; fileRef = DA8F9FD1203ABC8C00BEA495 /* InfoPlist.strings */; };
		DA8FA044203ABC8C00BEA495 /* LocalizableError.strings in Resources */ = {isa = PBXBuildFile; fileRef = DA8F9FD3203ABC8C00BEA495 /* LocalizableError.strings */; };
		DA8FA045203ABC8C00BEA495 /* LocalizableView.strings in Resources */ = {isa = PBXBuildFile; fileRef = DA8F9FD5203ABC8C00BEA495 /* LocalizableView.strings */; };
		DA8FA046203ABC8C00BEA495 /* LocalizableController.strings in Resources */ = {isa = PBXBuildFile; fileRef = DA8F9FD7203ABC8C00BEA495 /* LocalizableController.strings */; };
		DA8FA047203ABC8C00BEA495 /* LICENSE in Resources */ = {isa = PBXBuildFile; fileRef = DA8F9FDA203ABC8C00BEA495 /* LICENSE */; };
		DA8FA048203ABC8C00BEA495 /* README.md in Resources */ = {isa = PBXBuildFile; fileRef = DA8F9FDB203ABC8C00BEA495 /* README.md */; };
		DA8FA05C203AD28500BEA495 /* Controller.swift in Sources */ = {isa = PBXBuildFile; fileRef = DA8FA04E203AD28500BEA495 /* Controller.swift */; };
		DA8FA05D203AD28500BEA495 /* ControllerParent+Orientation.swift in Sources */ = {isa = PBXBuildFile; fileRef = DA8FA04F203AD28500BEA495 /* ControllerParent+Orientation.swift */; };
		DA8FA05E203AD28500BEA495 /* ControllerParent+Constants.swift in Sources */ = {isa = PBXBuildFile; fileRef = DA8FA050203AD28500BEA495 /* ControllerParent+Constants.swift */; };
		DA8FA05F203AD28500BEA495 /* Controller+Alert.swift in Sources */ = {isa = PBXBuildFile; fileRef = DA8FA051203AD28500BEA495 /* Controller+Alert.swift */; };
		DA8FA060203AD28500BEA495 /* ControllerParent+Menu.swift in Sources */ = {isa = PBXBuildFile; fileRef = DA8FA052203AD28500BEA495 /* ControllerParent+Menu.swift */; };
		DA8FA062203AD28500BEA495 /* AppDelegate.swift in Sources */ = {isa = PBXBuildFile; fileRef = DA8FA054203AD28500BEA495 /* AppDelegate.swift */; };
		DA8FA063203AD28500BEA495 /* ControllerTransition.swift in Sources */ = {isa = PBXBuildFile; fileRef = DA8FA055203AD28500BEA495 /* ControllerTransition.swift */; };
		DA8FA064203AD28500BEA495 /* ControllerParent.swift in Sources */ = {isa = PBXBuildFile; fileRef = DA8FA056203AD28500BEA495 /* ControllerParent.swift */; };
		DA8FA065203AD28500BEA495 /* ControllerHome.swift in Sources */ = {isa = PBXBuildFile; fileRef = DA8FA058203AD28500BEA495 /* ControllerHome.swift */; };
		DA8FA066203AD28500BEA495 /* Arch.swift in Sources */ = {isa = PBXBuildFile; fileRef = DA8FA05A203AD28500BEA495 /* Arch.swift */; };
		DA8FA067203AD28500BEA495 /* ArchHome.swift in Sources */ = {isa = PBXBuildFile; fileRef = DA8FA05B203AD28500BEA495 /* ArchHome.swift */; };
		DA8FA06B203B200E00BEA495 /* ControllerTransition+Factory.swift in Sources */ = {isa = PBXBuildFile; fileRef = DA8FA06A203B200E00BEA495 /* ControllerTransition+Factory.swift */; };
		DA8FA0B6203B2A0300BEA495 /* ViewHome.swift in Sources */ = {isa = PBXBuildFile; fileRef = DA8FA06E203B2A0200BEA495 /* ViewHome.swift */; };
		DA8FA0B7203B2A0300BEA495 /* ViewBarBack.swift in Sources */ = {isa = PBXBuildFile; fileRef = DA8FA070203B2A0200BEA495 /* ViewBarBack.swift */; };
		DA8FA0B8203B2A0300BEA495 /* ViewButtonContinue.swift in Sources */ = {isa = PBXBuildFile; fileRef = DA8FA071203B2A0200BEA495 /* ViewButtonContinue.swift */; };
		DA8FA0B9203B2A0300BEA495 /* ViewBar.swift in Sources */ = {isa = PBXBuildFile; fileRef = DA8FA072203B2A0200BEA495 /* ViewBar.swift */; };
		DA8FA0BA203B2A0300BEA495 /* ViewButtonContinue+Constants.swift in Sources */ = {isa = PBXBuildFile; fileRef = DA8FA073203B2A0200BEA495 /* ViewButtonContinue+Constants.swift */; };
		DA8FA0BB203B2A0300BEA495 /* ViewAlert+Constants.swift in Sources */ = {isa = PBXBuildFile; fileRef = DA8FA075203B2A0200BEA495 /* ViewAlert+Constants.swift */; };
		DA8FA0BC203B2A0300BEA495 /* ViewCollectionCell.swift in Sources */ = {isa = PBXBuildFile; fileRef = DA8FA076203B2A0200BEA495 /* ViewCollectionCell.swift */; };
		DA8FA0BD203B2A0300BEA495 /* ViewCollection.swift in Sources */ = {isa = PBXBuildFile; fileRef = DA8FA077203B2A0200BEA495 /* ViewCollection.swift */; };
		DA8FA0BE203B2A0300BEA495 /* ViewAlert.swift in Sources */ = {isa = PBXBuildFile; fileRef = DA8FA078203B2A0200BEA495 /* ViewAlert.swift */; };
		DA8FA0BF203B2A0300BEA495 /* ViewPushBackground.swift in Sources */ = {isa = PBXBuildFile; fileRef = DA8FA079203B2A0200BEA495 /* ViewPushBackground.swift */; };
		DA8FA0C0203B2A0300BEA495 /* ViewCollectionReusable.swift in Sources */ = {isa = PBXBuildFile; fileRef = DA8FA07A203B2A0200BEA495 /* ViewCollectionReusable.swift */; };
		DA8FA0C1203B2A0300BEA495 /* ViewCollectionFlow.swift in Sources */ = {isa = PBXBuildFile; fileRef = DA8FA07B203B2A0200BEA495 /* ViewCollectionFlow.swift */; };
		DA8FA0C2203B2A0300BEA495 /* ViewBlur.swift in Sources */ = {isa = PBXBuildFile; fileRef = DA8FA07C203B2A0200BEA495 /* ViewBlur.swift */; };
		DA8FA0C3203B2A0300BEA495 /* ViewSpinner+Constants.swift in Sources */ = {isa = PBXBuildFile; fileRef = DA8FA07D203B2A0200BEA495 /* ViewSpinner+Constants.swift */; };
		DA8FA0C4203B2A0300BEA495 /* ViewGradient.swift in Sources */ = {isa = PBXBuildFile; fileRef = DA8FA07E203B2A0200BEA495 /* ViewGradient.swift */; };
		DA8FA0C5203B2A0300BEA495 /* ViewBorder.swift in Sources */ = {isa = PBXBuildFile; fileRef = DA8FA07F203B2A0200BEA495 /* ViewBorder.swift */; };
		DA8FA0C6203B2A0300BEA495 /* ViewSpinner.swift in Sources */ = {isa = PBXBuildFile; fileRef = DA8FA080203B2A0200BEA495 /* ViewSpinner.swift */; };
		DA8FA0C7203B2A0300BEA495 /* ViewGradient+Constants.swift in Sources */ = {isa = PBXBuildFile; fileRef = DA8FA081203B2A0200BEA495 /* ViewGradient+Constants.swift */; };
		DA8FA0C8203B2A0300BEA495 /* ViewMenu+Actions.swift in Sources */ = {isa = PBXBuildFile; fileRef = DA8FA084203B2A0200BEA495 /* ViewMenu+Actions.swift */; };
		DA8FA0C9203B2A0300BEA495 /* ViewMenu+Collection.swift in Sources */ = {isa = PBXBuildFile; fileRef = DA8FA085203B2A0200BEA495 /* ViewMenu+Collection.swift */; };
		DA8FA0CA203B2A0300BEA495 /* ViewMenu.swift in Sources */ = {isa = PBXBuildFile; fileRef = DA8FA086203B2A0200BEA495 /* ViewMenu.swift */; };
		DA8FA0CB203B2A0300BEA495 /* ViewMenu+Synth.swift in Sources */ = {isa = PBXBuildFile; fileRef = DA8FA087203B2A0200BEA495 /* ViewMenu+Synth.swift */; };
		DA8FA0CC203B2A0300BEA495 /* ViewMenuCell.swift in Sources */ = {isa = PBXBuildFile; fileRef = DA8FA088203B2A0200BEA495 /* ViewMenuCell.swift */; };
		DA8FA0CD203B2A0300BEA495 /* View.swift in Sources */ = {isa = PBXBuildFile; fileRef = DA8FA08A203B2A0200BEA495 /* View.swift */; };
		DA8FA0CE203B2A0300BEA495 /* ViewParent.swift in Sources */ = {isa = PBXBuildFile; fileRef = DA8FA08B203B2A0200BEA495 /* ViewParent.swift */; };
		DA8FA0CF203B2A0300BEA495 /* ViewGlobal.swift in Sources */ = {isa = PBXBuildFile; fileRef = DA8FA08C203B2A0200BEA495 /* ViewGlobal.swift */; };
		DA8FA0D0203B2A0300BEA495 /* ViewMain.swift in Sources */ = {isa = PBXBuildFile; fileRef = DA8FA08D203B2A0200BEA495 /* ViewMain.swift */; };
		DA8FA0D1203B2A0300BEA495 /* ViewTransitionableProtocol.swift in Sources */ = {isa = PBXBuildFile; fileRef = DA8FA08E203B2A0200BEA495 /* ViewTransitionableProtocol.swift */; };
		DA8FA0D2203B2A0300BEA495 /* ViewParent+Transitions.swift in Sources */ = {isa = PBXBuildFile; fileRef = DA8FA08F203B2A0200BEA495 /* ViewParent+Transitions.swift */; };
		DA8FA0D3203B2A0300BEA495 /* ViewParent+Constants.swift in Sources */ = {isa = PBXBuildFile; fileRef = DA8FA090203B2A0200BEA495 /* ViewParent+Constants.swift */; };
		DA8FA0D4203B2A0300BEA495 /* ViewParent+Gesture.swift in Sources */ = {isa = PBXBuildFile; fileRef = DA8FA091203B2A0200BEA495 /* ViewParent+Gesture.swift */; };
		DA8FA0D5203B2A0300BEA495 /* ViewControllableProtocol.swift in Sources */ = {isa = PBXBuildFile; fileRef = DA8FA092203B2A0200BEA495 /* ViewControllableProtocol.swift */; };
		DA8FA0D6203B2A0300BEA495 /* ExtensionDictionary.swift in Sources */ = {isa = PBXBuildFile; fileRef = DA8FA094203B2A0200BEA495 /* ExtensionDictionary.swift */; };
		DA8FA0D7203B2A0300BEA495 /* ExtensionNotification.swift in Sources */ = {isa = PBXBuildFile; fileRef = DA8FA095203B2A0200BEA495 /* ExtensionNotification.swift */; };
		DA8FA0D8203B2A0300BEA495 /* ExtensionUIColor.swift in Sources */ = {isa = PBXBuildFile; fileRef = DA8FA096203B2A0200BEA495 /* ExtensionUIColor.swift */; };
		DA8FA0D9203B2A0300BEA495 /* ExtensionNSMutableAttributedString.swift in Sources */ = {isa = PBXBuildFile; fileRef = DA8FA097203B2A0200BEA495 /* ExtensionNSMutableAttributedString.swift */; };
		DA8FA0DA203B2A0300BEA495 /* ExtensionCGImage.swift in Sources */ = {isa = PBXBuildFile; fileRef = DA8FA098203B2A0200BEA495 /* ExtensionCGImage.swift */; };
		DA8FA0DB203B2A0300BEA495 /* ExtensionMKPolyline.swift in Sources */ = {isa = PBXBuildFile; fileRef = DA8FA099203B2A0200BEA495 /* ExtensionMKPolyline.swift */; };
		DA8FA0DC203B2A0300BEA495 /* ExtensionString+Constants.swift in Sources */ = {isa = PBXBuildFile; fileRef = DA8FA09A203B2A0200BEA495 /* ExtensionString+Constants.swift */; };
		DA8FA0DD203B2A0300BEA495 /* ExtensionFileManager.swift in Sources */ = {isa = PBXBuildFile; fileRef = DA8FA09B203B2A0200BEA495 /* ExtensionFileManager.swift */; };
		DA8FA0DE203B2A0300BEA495 /* ExtensionURLResponse.swift in Sources */ = {isa = PBXBuildFile; fileRef = DA8FA09C203B2A0200BEA495 /* ExtensionURLResponse.swift */; };
		DA8FA0DF203B2A0300BEA495 /* ExtensionMKAnnotationView.swift in Sources */ = {isa = PBXBuildFile; fileRef = DA8FA09D203B2A0200BEA495 /* ExtensionMKAnnotationView.swift */; };
		DA8FA0E0203B2A0300BEA495 /* ExtensionNSLayoutConstraint.swift in Sources */ = {isa = PBXBuildFile; fileRef = DA8FA09E203B2A0200BEA495 /* ExtensionNSLayoutConstraint.swift */; };
		DA8FA0E1203B2A0300BEA495 /* ExtensionUIFont.swift in Sources */ = {isa = PBXBuildFile; fileRef = DA8FA09F203B2A0200BEA495 /* ExtensionUIFont.swift */; };
		DA8FA0E2203B2A0300BEA495 /* ExtensionUIImage.swift in Sources */ = {isa = PBXBuildFile; fileRef = DA8FA0A0203B2A0200BEA495 /* ExtensionUIImage.swift */; };
		DA8FA0E3203B2A0300BEA495 /* ExtensionData.swift in Sources */ = {isa = PBXBuildFile; fileRef = DA8FA0A1203B2A0200BEA495 /* ExtensionData.swift */; };
		DA8FA0E4203B2A0300BEA495 /* ExtensionNSManagedObject.swift in Sources */ = {isa = PBXBuildFile; fileRef = DA8FA0A2203B2A0200BEA495 /* ExtensionNSManagedObject.swift */; };
		DA8FA0E5203B2A0300BEA495 /* ExtensionString.swift in Sources */ = {isa = PBXBuildFile; fileRef = DA8FA0A3203B2A0200BEA495 /* ExtensionString.swift */; };
		DA8FA0E6203B2A0300BEA495 /* ExtensionUIFont+Constants.swift in Sources */ = {isa = PBXBuildFile; fileRef = DA8FA0A4203B2A0200BEA495 /* ExtensionUIFont+Constants.swift */; };
		DA8FA0E7203B2A0300BEA495 /* ExtensionUICollectionReusableView.swift in Sources */ = {isa = PBXBuildFile; fileRef = DA8FA0A5203B2A0200BEA495 /* ExtensionUICollectionReusableView.swift */; };
		DA8FA0E8203B2A0300BEA495 /* ExtensionURL.swift in Sources */ = {isa = PBXBuildFile; fileRef = DA8FA0A6203B2A0200BEA495 /* ExtensionURL.swift */; };
		DA8FA0E9203B2A0300BEA495 /* Model.swift in Sources */ = {isa = PBXBuildFile; fileRef = DA8FA0A9203B2A0300BEA495 /* Model.swift */; };
		DA8FA0EA203B2A0300BEA495 /* Home.swift in Sources */ = {isa = PBXBuildFile; fileRef = DA8FA0AB203B2A0300BEA495 /* Home.swift */; };
		DA8FA0EB203B2A0300BEA495 /* MenuItemGenericProtocol+Default.swift in Sources */ = {isa = PBXBuildFile; fileRef = DA8FA0AD203B2A0300BEA495 /* MenuItemGenericProtocol+Default.swift */; };
		DA8FA0EC203B2A0300BEA495 /* MenuItemGeneric.swift in Sources */ = {isa = PBXBuildFile; fileRef = DA8FA0AE203B2A0300BEA495 /* MenuItemGeneric.swift */; };
		DA8FA0ED203B2A0300BEA495 /* MenuItemProtocol.swift in Sources */ = {isa = PBXBuildFile; fileRef = DA8FA0AF203B2A0300BEA495 /* MenuItemProtocol.swift */; };
		DA8FA0EE203B2A0300BEA495 /* MenuItemHome.swift in Sources */ = {isa = PBXBuildFile; fileRef = DA8FA0B0203B2A0300BEA495 /* MenuItemHome.swift */; };
		DA8FA0EF203B2A0300BEA495 /* Menu+Factory.swift in Sources */ = {isa = PBXBuildFile; fileRef = DA8FA0B1203B2A0300BEA495 /* Menu+Factory.swift */; };
		DA8FA0F0203B2A0300BEA495 /* Menu+Constants.swift in Sources */ = {isa = PBXBuildFile; fileRef = DA8FA0B2203B2A0300BEA495 /* Menu+Constants.swift */; };
		DA8FA0F1203B2A0300BEA495 /* MenuItemGenericProtocol.swift in Sources */ = {isa = PBXBuildFile; fileRef = DA8FA0B3203B2A0300BEA495 /* MenuItemGenericProtocol.swift */; };
		DA8FA0F2203B2A0300BEA495 /* Menu.swift in Sources */ = {isa = PBXBuildFile; fileRef = DA8FA0B4203B2A0300BEA495 /* Menu.swift */; };
		DA8FA0F3203B2A0300BEA495 /* Menu+Order.swift in Sources */ = {isa = PBXBuildFile; fileRef = DA8FA0B5203B2A0300BEA495 /* Menu+Order.swift */; };
		DAE5F66C203737380023E75B /* .codebeatsettings in Resources */ = {isa = PBXBuildFile; fileRef = DAE5F66B203737380023E75B /* .codebeatsettings */; };
/* End PBXBuildFile section */

/* Begin PBXFileReference section */
		DA4A2780203C01D800F57044 /* ControllerParent+Push.swift */ = {isa = PBXFileReference; lastKnownFileType = sourcecode.swift; path = "ControllerParent+Push.swift"; sourceTree = "<group>"; };
		DA4A2782203C01F700F57044 /* ControllerParent+Pop.swift */ = {isa = PBXFileReference; lastKnownFileType = sourcecode.swift; path = "ControllerParent+Pop.swift"; sourceTree = "<group>"; };
		DA4A2784203C073200F57044 /* ControllerTransitionPush.swift */ = {isa = PBXFileReference; lastKnownFileType = sourcecode.swift; path = ControllerTransitionPush.swift; sourceTree = "<group>"; };
		DA4A2786203C0B8600F57044 /* ControllerTransitionPop.swift */ = {isa = PBXFileReference; lastKnownFileType = sourcecode.swift; path = ControllerTransitionPop.swift; sourceTree = "<group>"; };
		DA8F9F54203ABC8C00BEA495 /* versioner.sh */ = {isa = PBXFileReference; fileEncoding = 4; lastKnownFileType = text.script.sh; path = versioner.sh; sourceTree = "<group>"; };
		DA8F9FCA203ABC8C00BEA495 /* Info.plist */ = {isa = PBXFileReference; fileEncoding = 4; lastKnownFileType = text.plist.xml; path = Info.plist; sourceTree = "<group>"; };
		DA8F9FCC203ABC8C00BEA495 /* LaunchScreen.storyboard */ = {isa = PBXFileReference; fileEncoding = 4; lastKnownFileType = file.storyboard; path = LaunchScreen.storyboard; sourceTree = "<group>"; };
		DA8F9FD0203ABC8C00BEA495 /* en */ = {isa = PBXFileReference; lastKnownFileType = text.plist.strings; name = en; path = en.lproj/LocalizableModel.strings; sourceTree = "<group>"; };
		DA8F9FD2203ABC8C00BEA495 /* en */ = {isa = PBXFileReference; lastKnownFileType = text.plist.strings; name = en; path = en.lproj/InfoPlist.strings; sourceTree = "<group>"; };
		DA8F9FD4203ABC8C00BEA495 /* en */ = {isa = PBXFileReference; lastKnownFileType = text.plist.strings; name = en; path = en.lproj/LocalizableError.strings; sourceTree = "<group>"; };
		DA8F9FD6203ABC8C00BEA495 /* en */ = {isa = PBXFileReference; lastKnownFileType = text.plist.strings; name = en; path = en.lproj/LocalizableView.strings; sourceTree = "<group>"; };
		DA8F9FD8203ABC8C00BEA495 /* en */ = {isa = PBXFileReference; lastKnownFileType = text.plist.strings; name = en; path = en.lproj/LocalizableController.strings; sourceTree = "<group>"; };
		DA8F9FDA203ABC8C00BEA495 /* LICENSE */ = {isa = PBXFileReference; fileEncoding = 4; lastKnownFileType = text; path = LICENSE; sourceTree = "<group>"; };
		DA8F9FDB203ABC8C00BEA495 /* README.md */ = {isa = PBXFileReference; fileEncoding = 4; lastKnownFileType = net.daringfireball.markdown; path = README.md; sourceTree = "<group>"; };
		DA8FA04E203AD28500BEA495 /* Controller.swift */ = {isa = PBXFileReference; fileEncoding = 4; lastKnownFileType = sourcecode.swift; path = Controller.swift; sourceTree = "<group>"; };
		DA8FA04F203AD28500BEA495 /* ControllerParent+Orientation.swift */ = {isa = PBXFileReference; fileEncoding = 4; lastKnownFileType = sourcecode.swift; path = "ControllerParent+Orientation.swift"; sourceTree = "<group>"; };
		DA8FA050203AD28500BEA495 /* ControllerParent+Constants.swift */ = {isa = PBXFileReference; fileEncoding = 4; lastKnownFileType = sourcecode.swift; path = "ControllerParent+Constants.swift"; sourceTree = "<group>"; };
		DA8FA051203AD28500BEA495 /* Controller+Alert.swift */ = {isa = PBXFileReference; fileEncoding = 4; lastKnownFileType = sourcecode.swift; path = "Controller+Alert.swift"; sourceTree = "<group>"; };
		DA8FA052203AD28500BEA495 /* ControllerParent+Menu.swift */ = {isa = PBXFileReference; fileEncoding = 4; lastKnownFileType = sourcecode.swift; path = "ControllerParent+Menu.swift"; sourceTree = "<group>"; };
		DA8FA054203AD28500BEA495 /* AppDelegate.swift */ = {isa = PBXFileReference; fileEncoding = 4; lastKnownFileType = sourcecode.swift; path = AppDelegate.swift; sourceTree = "<group>"; };
		DA8FA055203AD28500BEA495 /* ControllerTransition.swift */ = {isa = PBXFileReference; fileEncoding = 4; lastKnownFileType = sourcecode.swift; path = ControllerTransition.swift; sourceTree = "<group>"; };
		DA8FA056203AD28500BEA495 /* ControllerParent.swift */ = {isa = PBXFileReference; fileEncoding = 4; lastKnownFileType = sourcecode.swift; path = ControllerParent.swift; sourceTree = "<group>"; };
		DA8FA058203AD28500BEA495 /* ControllerHome.swift */ = {isa = PBXFileReference; fileEncoding = 4; lastKnownFileType = sourcecode.swift; path = ControllerHome.swift; sourceTree = "<group>"; };
		DA8FA05A203AD28500BEA495 /* Arch.swift */ = {isa = PBXFileReference; fileEncoding = 4; lastKnownFileType = sourcecode.swift; path = Arch.swift; sourceTree = "<group>"; };
		DA8FA05B203AD28500BEA495 /* ArchHome.swift */ = {isa = PBXFileReference; fileEncoding = 4; lastKnownFileType = sourcecode.swift; path = ArchHome.swift; sourceTree = "<group>"; };
		DA8FA06A203B200E00BEA495 /* ControllerTransition+Factory.swift */ = {isa = PBXFileReference; lastKnownFileType = sourcecode.swift; path = "ControllerTransition+Factory.swift"; sourceTree = "<group>"; };
		DA8FA06E203B2A0200BEA495 /* ViewHome.swift */ = {isa = PBXFileReference; fileEncoding = 4; lastKnownFileType = sourcecode.swift; path = ViewHome.swift; sourceTree = "<group>"; };
		DA8FA070203B2A0200BEA495 /* ViewBarBack.swift */ = {isa = PBXFileReference; fileEncoding = 4; lastKnownFileType = sourcecode.swift; path = ViewBarBack.swift; sourceTree = "<group>"; };
		DA8FA071203B2A0200BEA495 /* ViewButtonContinue.swift */ = {isa = PBXFileReference; fileEncoding = 4; lastKnownFileType = sourcecode.swift; path = ViewButtonContinue.swift; sourceTree = "<group>"; };
		DA8FA072203B2A0200BEA495 /* ViewBar.swift */ = {isa = PBXFileReference; fileEncoding = 4; lastKnownFileType = sourcecode.swift; path = ViewBar.swift; sourceTree = "<group>"; };
		DA8FA073203B2A0200BEA495 /* ViewButtonContinue+Constants.swift */ = {isa = PBXFileReference; fileEncoding = 4; lastKnownFileType = sourcecode.swift; path = "ViewButtonContinue+Constants.swift"; sourceTree = "<group>"; };
		DA8FA075203B2A0200BEA495 /* ViewAlert+Constants.swift */ = {isa = PBXFileReference; fileEncoding = 4; lastKnownFileType = sourcecode.swift; path = "ViewAlert+Constants.swift"; sourceTree = "<group>"; };
		DA8FA076203B2A0200BEA495 /* ViewCollectionCell.swift */ = {isa = PBXFileReference; fileEncoding = 4; lastKnownFileType = sourcecode.swift; path = ViewCollectionCell.swift; sourceTree = "<group>"; };
		DA8FA077203B2A0200BEA495 /* ViewCollection.swift */ = {isa = PBXFileReference; fileEncoding = 4; lastKnownFileType = sourcecode.swift; path = ViewCollection.swift; sourceTree = "<group>"; };
		DA8FA078203B2A0200BEA495 /* ViewAlert.swift */ = {isa = PBXFileReference; fileEncoding = 4; lastKnownFileType = sourcecode.swift; path = ViewAlert.swift; sourceTree = "<group>"; };
		DA8FA079203B2A0200BEA495 /* ViewPushBackground.swift */ = {isa = PBXFileReference; fileEncoding = 4; lastKnownFileType = sourcecode.swift; path = ViewPushBackground.swift; sourceTree = "<group>"; };
		DA8FA07A203B2A0200BEA495 /* ViewCollectionReusable.swift */ = {isa = PBXFileReference; fileEncoding = 4; lastKnownFileType = sourcecode.swift; path = ViewCollectionReusable.swift; sourceTree = "<group>"; };
		DA8FA07B203B2A0200BEA495 /* ViewCollectionFlow.swift */ = {isa = PBXFileReference; fileEncoding = 4; lastKnownFileType = sourcecode.swift; path = ViewCollectionFlow.swift; sourceTree = "<group>"; };
		DA8FA07C203B2A0200BEA495 /* ViewBlur.swift */ = {isa = PBXFileReference; fileEncoding = 4; lastKnownFileType = sourcecode.swift; path = ViewBlur.swift; sourceTree = "<group>"; };
		DA8FA07D203B2A0200BEA495 /* ViewSpinner+Constants.swift */ = {isa = PBXFileReference; fileEncoding = 4; lastKnownFileType = sourcecode.swift; path = "ViewSpinner+Constants.swift"; sourceTree = "<group>"; };
		DA8FA07E203B2A0200BEA495 /* ViewGradient.swift */ = {isa = PBXFileReference; fileEncoding = 4; lastKnownFileType = sourcecode.swift; path = ViewGradient.swift; sourceTree = "<group>"; };
		DA8FA07F203B2A0200BEA495 /* ViewBorder.swift */ = {isa = PBXFileReference; fileEncoding = 4; lastKnownFileType = sourcecode.swift; path = ViewBorder.swift; sourceTree = "<group>"; };
		DA8FA080203B2A0200BEA495 /* ViewSpinner.swift */ = {isa = PBXFileReference; fileEncoding = 4; lastKnownFileType = sourcecode.swift; path = ViewSpinner.swift; sourceTree = "<group>"; };
		DA8FA081203B2A0200BEA495 /* ViewGradient+Constants.swift */ = {isa = PBXFileReference; fileEncoding = 4; lastKnownFileType = sourcecode.swift; path = "ViewGradient+Constants.swift"; sourceTree = "<group>"; };
		DA8FA084203B2A0200BEA495 /* ViewMenu+Actions.swift */ = {isa = PBXFileReference; fileEncoding = 4; lastKnownFileType = sourcecode.swift; path = "ViewMenu+Actions.swift"; sourceTree = "<group>"; };
		DA8FA085203B2A0200BEA495 /* ViewMenu+Collection.swift */ = {isa = PBXFileReference; fileEncoding = 4; lastKnownFileType = sourcecode.swift; path = "ViewMenu+Collection.swift"; sourceTree = "<group>"; };
		DA8FA086203B2A0200BEA495 /* ViewMenu.swift */ = {isa = PBXFileReference; fileEncoding = 4; lastKnownFileType = sourcecode.swift; path = ViewMenu.swift; sourceTree = "<group>"; };
		DA8FA087203B2A0200BEA495 /* ViewMenu+Synth.swift */ = {isa = PBXFileReference; fileEncoding = 4; lastKnownFileType = sourcecode.swift; path = "ViewMenu+Synth.swift"; sourceTree = "<group>"; };
		DA8FA088203B2A0200BEA495 /* ViewMenuCell.swift */ = {isa = PBXFileReference; fileEncoding = 4; lastKnownFileType = sourcecode.swift; path = ViewMenuCell.swift; sourceTree = "<group>"; };
		DA8FA08A203B2A0200BEA495 /* View.swift */ = {isa = PBXFileReference; fileEncoding = 4; lastKnownFileType = sourcecode.swift; path = View.swift; sourceTree = "<group>"; };
		DA8FA08B203B2A0200BEA495 /* ViewParent.swift */ = {isa = PBXFileReference; fileEncoding = 4; lastKnownFileType = sourcecode.swift; path = ViewParent.swift; sourceTree = "<group>"; };
		DA8FA08C203B2A0200BEA495 /* ViewGlobal.swift */ = {isa = PBXFileReference; fileEncoding = 4; lastKnownFileType = sourcecode.swift; path = ViewGlobal.swift; sourceTree = "<group>"; };
		DA8FA08D203B2A0200BEA495 /* ViewMain.swift */ = {isa = PBXFileReference; fileEncoding = 4; lastKnownFileType = sourcecode.swift; path = ViewMain.swift; sourceTree = "<group>"; };
		DA8FA08E203B2A0200BEA495 /* ViewTransitionableProtocol.swift */ = {isa = PBXFileReference; fileEncoding = 4; lastKnownFileType = sourcecode.swift; path = ViewTransitionableProtocol.swift; sourceTree = "<group>"; };
		DA8FA08F203B2A0200BEA495 /* ViewParent+Transitions.swift */ = {isa = PBXFileReference; fileEncoding = 4; lastKnownFileType = sourcecode.swift; path = "ViewParent+Transitions.swift"; sourceTree = "<group>"; };
		DA8FA090203B2A0200BEA495 /* ViewParent+Constants.swift */ = {isa = PBXFileReference; fileEncoding = 4; lastKnownFileType = sourcecode.swift; path = "ViewParent+Constants.swift"; sourceTree = "<group>"; };
		DA8FA091203B2A0200BEA495 /* ViewParent+Gesture.swift */ = {isa = PBXFileReference; fileEncoding = 4; lastKnownFileType = sourcecode.swift; path = "ViewParent+Gesture.swift"; sourceTree = "<group>"; };
		DA8FA092203B2A0200BEA495 /* ViewControllableProtocol.swift */ = {isa = PBXFileReference; fileEncoding = 4; lastKnownFileType = sourcecode.swift; path = ViewControllableProtocol.swift; sourceTree = "<group>"; };
		DA8FA094203B2A0200BEA495 /* ExtensionDictionary.swift */ = {isa = PBXFileReference; fileEncoding = 4; lastKnownFileType = sourcecode.swift; path = ExtensionDictionary.swift; sourceTree = "<group>"; };
		DA8FA095203B2A0200BEA495 /* ExtensionNotification.swift */ = {isa = PBXFileReference; fileEncoding = 4; lastKnownFileType = sourcecode.swift; path = ExtensionNotification.swift; sourceTree = "<group>"; };
		DA8FA096203B2A0200BEA495 /* ExtensionUIColor.swift */ = {isa = PBXFileReference; fileEncoding = 4; lastKnownFileType = sourcecode.swift; path = ExtensionUIColor.swift; sourceTree = "<group>"; };
		DA8FA097203B2A0200BEA495 /* ExtensionNSMutableAttributedString.swift */ = {isa = PBXFileReference; fileEncoding = 4; lastKnownFileType = sourcecode.swift; path = ExtensionNSMutableAttributedString.swift; sourceTree = "<group>"; };
		DA8FA098203B2A0200BEA495 /* ExtensionCGImage.swift */ = {isa = PBXFileReference; fileEncoding = 4; lastKnownFileType = sourcecode.swift; path = ExtensionCGImage.swift; sourceTree = "<group>"; };
		DA8FA099203B2A0200BEA495 /* ExtensionMKPolyline.swift */ = {isa = PBXFileReference; fileEncoding = 4; lastKnownFileType = sourcecode.swift; path = ExtensionMKPolyline.swift; sourceTree = "<group>"; };
		DA8FA09A203B2A0200BEA495 /* ExtensionString+Constants.swift */ = {isa = PBXFileReference; fileEncoding = 4; lastKnownFileType = sourcecode.swift; path = "ExtensionString+Constants.swift"; sourceTree = "<group>"; };
		DA8FA09B203B2A0200BEA495 /* ExtensionFileManager.swift */ = {isa = PBXFileReference; fileEncoding = 4; lastKnownFileType = sourcecode.swift; path = ExtensionFileManager.swift; sourceTree = "<group>"; };
		DA8FA09C203B2A0200BEA495 /* ExtensionURLResponse.swift */ = {isa = PBXFileReference; fileEncoding = 4; lastKnownFileType = sourcecode.swift; path = ExtensionURLResponse.swift; sourceTree = "<group>"; };
		DA8FA09D203B2A0200BEA495 /* ExtensionMKAnnotationView.swift */ = {isa = PBXFileReference; fileEncoding = 4; lastKnownFileType = sourcecode.swift; path = ExtensionMKAnnotationView.swift; sourceTree = "<group>"; };
		DA8FA09E203B2A0200BEA495 /* ExtensionNSLayoutConstraint.swift */ = {isa = PBXFileReference; fileEncoding = 4; lastKnownFileType = sourcecode.swift; path = ExtensionNSLayoutConstraint.swift; sourceTree = "<group>"; };
		DA8FA09F203B2A0200BEA495 /* ExtensionUIFont.swift */ = {isa = PBXFileReference; fileEncoding = 4; lastKnownFileType = sourcecode.swift; path = ExtensionUIFont.swift; sourceTree = "<group>"; };
		DA8FA0A0203B2A0200BEA495 /* ExtensionUIImage.swift */ = {isa = PBXFileReference; fileEncoding = 4; lastKnownFileType = sourcecode.swift; path = ExtensionUIImage.swift; sourceTree = "<group>"; };
		DA8FA0A1203B2A0200BEA495 /* ExtensionData.swift */ = {isa = PBXFileReference; fileEncoding = 4; lastKnownFileType = sourcecode.swift; path = ExtensionData.swift; sourceTree = "<group>"; };
		DA8FA0A2203B2A0200BEA495 /* ExtensionNSManagedObject.swift */ = {isa = PBXFileReference; fileEncoding = 4; lastKnownFileType = sourcecode.swift; path = ExtensionNSManagedObject.swift; sourceTree = "<group>"; };
		DA8FA0A3203B2A0200BEA495 /* ExtensionString.swift */ = {isa = PBXFileReference; fileEncoding = 4; lastKnownFileType = sourcecode.swift; path = ExtensionString.swift; sourceTree = "<group>"; };
		DA8FA0A4203B2A0200BEA495 /* ExtensionUIFont+Constants.swift */ = {isa = PBXFileReference; fileEncoding = 4; lastKnownFileType = sourcecode.swift; path = "ExtensionUIFont+Constants.swift"; sourceTree = "<group>"; };
		DA8FA0A5203B2A0200BEA495 /* ExtensionUICollectionReusableView.swift */ = {isa = PBXFileReference; fileEncoding = 4; lastKnownFileType = sourcecode.swift; path = ExtensionUICollectionReusableView.swift; sourceTree = "<group>"; };
		DA8FA0A6203B2A0200BEA495 /* ExtensionURL.swift */ = {isa = PBXFileReference; fileEncoding = 4; lastKnownFileType = sourcecode.swift; path = ExtensionURL.swift; sourceTree = "<group>"; };
		DA8FA0A9203B2A0300BEA495 /* Model.swift */ = {isa = PBXFileReference; fileEncoding = 4; lastKnownFileType = sourcecode.swift; path = Model.swift; sourceTree = "<group>"; };
		DA8FA0AB203B2A0300BEA495 /* Home.swift */ = {isa = PBXFileReference; fileEncoding = 4; lastKnownFileType = sourcecode.swift; path = Home.swift; sourceTree = "<group>"; };
		DA8FA0AD203B2A0300BEA495 /* MenuItemGenericProtocol+Default.swift */ = {isa = PBXFileReference; fileEncoding = 4; lastKnownFileType = sourcecode.swift; path = "MenuItemGenericProtocol+Default.swift"; sourceTree = "<group>"; };
		DA8FA0AE203B2A0300BEA495 /* MenuItemGeneric.swift */ = {isa = PBXFileReference; fileEncoding = 4; lastKnownFileType = sourcecode.swift; path = MenuItemGeneric.swift; sourceTree = "<group>"; };
		DA8FA0AF203B2A0300BEA495 /* MenuItemProtocol.swift */ = {isa = PBXFileReference; fileEncoding = 4; lastKnownFileType = sourcecode.swift; path = MenuItemProtocol.swift; sourceTree = "<group>"; };
		DA8FA0B0203B2A0300BEA495 /* MenuItemHome.swift */ = {isa = PBXFileReference; fileEncoding = 4; lastKnownFileType = sourcecode.swift; path = MenuItemHome.swift; sourceTree = "<group>"; };
		DA8FA0B1203B2A0300BEA495 /* Menu+Factory.swift */ = {isa = PBXFileReference; fileEncoding = 4; lastKnownFileType = sourcecode.swift; path = "Menu+Factory.swift"; sourceTree = "<group>"; };
		DA8FA0B2203B2A0300BEA495 /* Menu+Constants.swift */ = {isa = PBXFileReference; fileEncoding = 4; lastKnownFileType = sourcecode.swift; path = "Menu+Constants.swift"; sourceTree = "<group>"; };
		DA8FA0B3203B2A0300BEA495 /* MenuItemGenericProtocol.swift */ = {isa = PBXFileReference; fileEncoding = 4; lastKnownFileType = sourcecode.swift; path = MenuItemGenericProtocol.swift; sourceTree = "<group>"; };
		DA8FA0B4203B2A0300BEA495 /* Menu.swift */ = {isa = PBXFileReference; fileEncoding = 4; lastKnownFileType = sourcecode.swift; path = Menu.swift; sourceTree = "<group>"; };
		DA8FA0B5203B2A0300BEA495 /* Menu+Order.swift */ = {isa = PBXFileReference; fileEncoding = 4; lastKnownFileType = sourcecode.swift; path = "Menu+Order.swift"; sourceTree = "<group>"; };
		DAE5F65620370A930023E75B /* radcity.app */ = {isa = PBXFileReference; explicitFileType = wrapper.application; includeInIndex = 0; path = radcity.app; sourceTree = BUILT_PRODUCTS_DIR; };
		DAE5F66B203737380023E75B /* .codebeatsettings */ = {isa = PBXFileReference; lastKnownFileType = text; path = .codebeatsettings; sourceTree = "<group>"; };
/* End PBXFileReference section */

/* Begin PBXFrameworksBuildPhase section */
		DAE5F65320370A930023E75B /* Frameworks */ = {
			isa = PBXFrameworksBuildPhase;
			buildActionMask = 2147483647;
			files = (
			);
			runOnlyForDeploymentPostprocessing = 0;
		};
/* End PBXFrameworksBuildPhase section */

/* Begin PBXGroup section */
		DA8F9F53203ABC8C00BEA495 /* Scripts */ = {
			isa = PBXGroup;
			children = (
				DA8F9F54203ABC8C00BEA495 /* versioner.sh */,
			);
			path = Scripts;
			sourceTree = "<group>";
		};
		DA8F9FC9203ABC8C00BEA495 /* Info */ = {
			isa = PBXGroup;
			children = (
				DA8F9FCA203ABC8C00BEA495 /* Info.plist */,
			);
			path = Info;
			sourceTree = "<group>";
		};
		DA8F9FCB203ABC8C00BEA495 /* Assets */ = {
			isa = PBXGroup;
			children = (
				DA8F9FCC203ABC8C00BEA495 /* LaunchScreen.storyboard */,
			);
			path = Assets;
			sourceTree = "<group>";
		};
		DA8F9FCD203ABC8C00BEA495 /* Design */ = {
			isa = PBXGroup;
			children = (
			);
			path = Design;
			sourceTree = "<group>";
		};
		DA8F9FCE203ABC8C00BEA495 /* Resources */ = {
			isa = PBXGroup;
			children = (
				DA8F9FCF203ABC8C00BEA495 /* LocalizableModel.strings */,
				DA8F9FD1203ABC8C00BEA495 /* InfoPlist.strings */,
				DA8F9FD3203ABC8C00BEA495 /* LocalizableError.strings */,
				DA8F9FD5203ABC8C00BEA495 /* LocalizableView.strings */,
				DA8F9FD7203ABC8C00BEA495 /* LocalizableController.strings */,
			);
			path = Resources;
			sourceTree = "<group>";
		};
		DA8F9FD9203ABC8C00BEA495 /* Coredata */ = {
			isa = PBXGroup;
			children = (
			);
			path = Coredata;
			sourceTree = "<group>";
		};
		DA8FA04B203AD28500BEA495 /* Source */ = {
			isa = PBXGroup;
			children = (
				DA8FA093203B2A0200BEA495 /* Extensions */,
				DA8FA0A7203B2A0300BEA495 /* Model */,
				DA8FA06C203B2A0200BEA495 /* View */,
				DA8FA04C203AD28500BEA495 /* Controller */,
				DA8FA059203AD28500BEA495 /* Architecture */,
			);
			path = Source;
			sourceTree = "<group>";
		};
		DA8FA04C203AD28500BEA495 /* Controller */ = {
			isa = PBXGroup;
			children = (
				DA8FA04D203AD28500BEA495 /* Abstract */,
				DA8FA057203AD28500BEA495 /* Home */,
			);
			path = Controller;
			sourceTree = "<group>";
		};
		DA8FA04D203AD28500BEA495 /* Abstract */ = {
			isa = PBXGroup;
			children = (
				DA8FA04E203AD28500BEA495 /* Controller.swift */,
				DA8FA04F203AD28500BEA495 /* ControllerParent+Orientation.swift */,
				DA8FA050203AD28500BEA495 /* ControllerParent+Constants.swift */,
				DA8FA051203AD28500BEA495 /* Controller+Alert.swift */,
				DA8FA052203AD28500BEA495 /* ControllerParent+Menu.swift */,
				DA4A2780203C01D800F57044 /* ControllerParent+Push.swift */,
				DA4A2782203C01F700F57044 /* ControllerParent+Pop.swift */,
				DA8FA054203AD28500BEA495 /* AppDelegate.swift */,
				DA8FA06A203B200E00BEA495 /* ControllerTransition+Factory.swift */,
				DA8FA055203AD28500BEA495 /* ControllerTransition.swift */,
				DA4A2784203C073200F57044 /* ControllerTransitionPush.swift */,
				DA4A2786203C0B8600F57044 /* ControllerTransitionPop.swift */,
				DA8FA056203AD28500BEA495 /* ControllerParent.swift */,
			);
			path = Abstract;
			sourceTree = "<group>";
		};
		DA8FA057203AD28500BEA495 /* Home */ = {
			isa = PBXGroup;
			children = (
				DA8FA058203AD28500BEA495 /* ControllerHome.swift */,
			);
			path = Home;
			sourceTree = "<group>";
		};
		DA8FA059203AD28500BEA495 /* Architecture */ = {
			isa = PBXGroup;
			children = (
				DA8FA05A203AD28500BEA495 /* Arch.swift */,
				DA8FA05B203AD28500BEA495 /* ArchHome.swift */,
			);
			path = Architecture;
			sourceTree = "<group>";
		};
		DA8FA06C203B2A0200BEA495 /* View */ = {
			isa = PBXGroup;
			children = (
				DA8FA06D203B2A0200BEA495 /* Home */,
				DA8FA06F203B2A0200BEA495 /* Shared */,
				DA8FA074203B2A0200BEA495 /* Generic */,
				DA8FA082203B2A0200BEA495 /* Global */,
			);
			path = View;
			sourceTree = "<group>";
		};
		DA8FA06D203B2A0200BEA495 /* Home */ = {
			isa = PBXGroup;
			children = (
				DA8FA06E203B2A0200BEA495 /* ViewHome.swift */,
			);
			path = Home;
			sourceTree = "<group>";
		};
		DA8FA06F203B2A0200BEA495 /* Shared */ = {
			isa = PBXGroup;
			children = (
				DA8FA070203B2A0200BEA495 /* ViewBarBack.swift */,
				DA8FA071203B2A0200BEA495 /* ViewButtonContinue.swift */,
				DA8FA072203B2A0200BEA495 /* ViewBar.swift */,
				DA8FA073203B2A0200BEA495 /* ViewButtonContinue+Constants.swift */,
			);
			path = Shared;
			sourceTree = "<group>";
		};
		DA8FA074203B2A0200BEA495 /* Generic */ = {
			isa = PBXGroup;
			children = (
				DA8FA075203B2A0200BEA495 /* ViewAlert+Constants.swift */,
				DA8FA076203B2A0200BEA495 /* ViewCollectionCell.swift */,
				DA8FA077203B2A0200BEA495 /* ViewCollection.swift */,
				DA8FA078203B2A0200BEA495 /* ViewAlert.swift */,
				DA8FA079203B2A0200BEA495 /* ViewPushBackground.swift */,
				DA8FA07A203B2A0200BEA495 /* ViewCollectionReusable.swift */,
				DA8FA07B203B2A0200BEA495 /* ViewCollectionFlow.swift */,
				DA8FA07C203B2A0200BEA495 /* ViewBlur.swift */,
				DA8FA07D203B2A0200BEA495 /* ViewSpinner+Constants.swift */,
				DA8FA07E203B2A0200BEA495 /* ViewGradient.swift */,
				DA8FA07F203B2A0200BEA495 /* ViewBorder.swift */,
				DA8FA080203B2A0200BEA495 /* ViewSpinner.swift */,
				DA8FA081203B2A0200BEA495 /* ViewGradient+Constants.swift */,
			);
			path = Generic;
			sourceTree = "<group>";
		};
		DA8FA082203B2A0200BEA495 /* Global */ = {
			isa = PBXGroup;
			children = (
				DA8FA083203B2A0200BEA495 /* Menu */,
				DA8FA089203B2A0200BEA495 /* View */,
			);
			path = Global;
			sourceTree = "<group>";
		};
		DA8FA083203B2A0200BEA495 /* Menu */ = {
			isa = PBXGroup;
			children = (
				DA8FA084203B2A0200BEA495 /* ViewMenu+Actions.swift */,
				DA8FA085203B2A0200BEA495 /* ViewMenu+Collection.swift */,
				DA8FA086203B2A0200BEA495 /* ViewMenu.swift */,
				DA8FA087203B2A0200BEA495 /* ViewMenu+Synth.swift */,
				DA8FA088203B2A0200BEA495 /* ViewMenuCell.swift */,
			);
			path = Menu;
			sourceTree = "<group>";
		};
		DA8FA089203B2A0200BEA495 /* View */ = {
			isa = PBXGroup;
			children = (
				DA8FA08A203B2A0200BEA495 /* View.swift */,
				DA8FA08B203B2A0200BEA495 /* ViewParent.swift */,
				DA8FA08C203B2A0200BEA495 /* ViewGlobal.swift */,
				DA8FA08D203B2A0200BEA495 /* ViewMain.swift */,
				DA8FA08E203B2A0200BEA495 /* ViewTransitionableProtocol.swift */,
				DA8FA08F203B2A0200BEA495 /* ViewParent+Transitions.swift */,
				DA8FA090203B2A0200BEA495 /* ViewParent+Constants.swift */,
				DA8FA091203B2A0200BEA495 /* ViewParent+Gesture.swift */,
				DA8FA092203B2A0200BEA495 /* ViewControllableProtocol.swift */,
			);
			path = View;
			sourceTree = "<group>";
		};
		DA8FA093203B2A0200BEA495 /* Extensions */ = {
			isa = PBXGroup;
			children = (
				DA8FA094203B2A0200BEA495 /* ExtensionDictionary.swift */,
				DA8FA095203B2A0200BEA495 /* ExtensionNotification.swift */,
				DA8FA096203B2A0200BEA495 /* ExtensionUIColor.swift */,
				DA8FA097203B2A0200BEA495 /* ExtensionNSMutableAttributedString.swift */,
				DA8FA098203B2A0200BEA495 /* ExtensionCGImage.swift */,
				DA8FA099203B2A0200BEA495 /* ExtensionMKPolyline.swift */,
				DA8FA09A203B2A0200BEA495 /* ExtensionString+Constants.swift */,
				DA8FA09B203B2A0200BEA495 /* ExtensionFileManager.swift */,
				DA8FA09C203B2A0200BEA495 /* ExtensionURLResponse.swift */,
				DA8FA09D203B2A0200BEA495 /* ExtensionMKAnnotationView.swift */,
				DA8FA09E203B2A0200BEA495 /* ExtensionNSLayoutConstraint.swift */,
				DA8FA09F203B2A0200BEA495 /* ExtensionUIFont.swift */,
				DA8FA0A0203B2A0200BEA495 /* ExtensionUIImage.swift */,
				DA8FA0A1203B2A0200BEA495 /* ExtensionData.swift */,
				DA8FA0A2203B2A0200BEA495 /* ExtensionNSManagedObject.swift */,
				DA8FA0A3203B2A0200BEA495 /* ExtensionString.swift */,
				DA8FA0A4203B2A0200BEA495 /* ExtensionUIFont+Constants.swift */,
				DA8FA0A5203B2A0200BEA495 /* ExtensionUICollectionReusableView.swift */,
				DA8FA0A6203B2A0200BEA495 /* ExtensionURL.swift */,
			);
			path = Extensions;
			sourceTree = "<group>";
		};
		DA8FA0A7203B2A0300BEA495 /* Model */ = {
			isa = PBXGroup;
			children = (
				DA8FA0A8203B2A0300BEA495 /* Abstract */,
				DA8FA0AA203B2A0300BEA495 /* Home */,
				DA8FA0AC203B2A0300BEA495 /* Menu */,
			);
			path = Model;
			sourceTree = "<group>";
		};
		DA8FA0A8203B2A0300BEA495 /* Abstract */ = {
			isa = PBXGroup;
			children = (
				DA8FA0A9203B2A0300BEA495 /* Model.swift */,
			);
			path = Abstract;
			sourceTree = "<group>";
		};
		DA8FA0AA203B2A0300BEA495 /* Home */ = {
			isa = PBXGroup;
			children = (
				DA8FA0AB203B2A0300BEA495 /* Home.swift */,
			);
			path = Home;
			sourceTree = "<group>";
		};
		DA8FA0AC203B2A0300BEA495 /* Menu */ = {
			isa = PBXGroup;
			children = (
				DA8FA0AD203B2A0300BEA495 /* MenuItemGenericProtocol+Default.swift */,
				DA8FA0AE203B2A0300BEA495 /* MenuItemGeneric.swift */,
				DA8FA0AF203B2A0300BEA495 /* MenuItemProtocol.swift */,
				DA8FA0B0203B2A0300BEA495 /* MenuItemHome.swift */,
				DA8FA0B1203B2A0300BEA495 /* Menu+Factory.swift */,
				DA8FA0B2203B2A0300BEA495 /* Menu+Constants.swift */,
				DA8FA0B3203B2A0300BEA495 /* MenuItemGenericProtocol.swift */,
				DA8FA0B4203B2A0300BEA495 /* Menu.swift */,
				DA8FA0B5203B2A0300BEA495 /* Menu+Order.swift */,
			);
			path = Menu;
			sourceTree = "<group>";
		};
		DAE5F64D20370A930023E75B = {
			isa = PBXGroup;
			children = (
				DA8F9FCB203ABC8C00BEA495 /* Assets */,
				DA8F9FD9203ABC8C00BEA495 /* Coredata */,
				DA8F9FCD203ABC8C00BEA495 /* Design */,
				DA8F9FC9203ABC8C00BEA495 /* Info */,
				DA8F9FCE203ABC8C00BEA495 /* Resources */,
				DA8F9F53203ABC8C00BEA495 /* Scripts */,
				DA8FA04B203AD28500BEA495 /* Source */,
				DA8F9FDA203ABC8C00BEA495 /* LICENSE */,
				DA8F9FDB203ABC8C00BEA495 /* README.md */,
				DAE5F66B203737380023E75B /* .codebeatsettings */,
				DAE5F65720370A930023E75B /* Products */,
			);
			sourceTree = "<group>";
		};
		DAE5F65720370A930023E75B /* Products */ = {
			isa = PBXGroup;
			children = (
				DAE5F65620370A930023E75B /* radcity.app */,
			);
			name = Products;
			sourceTree = "<group>";
		};
/* End PBXGroup section */

/* Begin PBXNativeTarget section */
		DAE5F65520370A930023E75B /* radcity */ = {
			isa = PBXNativeTarget;
			buildConfigurationList = DAE5F66820370A930023E75B /* Build configuration list for PBXNativeTarget "radcity" */;
			buildPhases = (
				DAE5F65220370A930023E75B /* Sources */,
				DAE5F65320370A930023E75B /* Frameworks */,
				DAE5F65420370A930023E75B /* Resources */,
			);
			buildRules = (
			);
			dependencies = (
			);
			name = radcity;
			productName = radcity;
			productReference = DAE5F65620370A930023E75B /* radcity.app */;
			productType = "com.apple.product-type.application";
		};
/* End PBXNativeTarget section */

/* Begin PBXProject section */
		DAE5F64E20370A930023E75B /* Project object */ = {
			isa = PBXProject;
			attributes = {
				LastSwiftUpdateCheck = 0920;
				LastUpgradeCheck = 0920;
				ORGANIZATIONNAME = iturbide;
				TargetAttributes = {
					DAE5F65520370A930023E75B = {
						CreatedOnToolsVersion = 9.2;
						ProvisioningStyle = Automatic;
					};
				};
			};
			buildConfigurationList = DAE5F65120370A930023E75B /* Build configuration list for PBXProject "radcity" */;
			compatibilityVersion = "Xcode 8.0";
			developmentRegion = en;
			hasScannedForEncodings = 0;
			knownRegions = (
				en,
				Base,
			);
			mainGroup = DAE5F64D20370A930023E75B;
			productRefGroup = DAE5F65720370A930023E75B /* Products */;
			projectDirPath = "";
			projectRoot = "";
			targets = (
				DAE5F65520370A930023E75B /* radcity */,
			);
		};
/* End PBXProject section */

/* Begin PBXResourcesBuildPhase section */
		DAE5F65420370A930023E75B /* Resources */ = {
			isa = PBXResourcesBuildPhase;
			buildActionMask = 2147483647;
			files = (
				DA8F9FDC203ABC8C00BEA495 /* versioner.sh in Resources */,
				DA8FA043203ABC8C00BEA495 /* InfoPlist.strings in Resources */,
				DA8FA046203ABC8C00BEA495 /* LocalizableController.strings in Resources */,
				DA8FA041203ABC8C00BEA495 /* LaunchScreen.storyboard in Resources */,
				DA8FA047203ABC8C00BEA495 /* LICENSE in Resources */,
				DAE5F66C203737380023E75B /* .codebeatsettings in Resources */,
				DA8FA045203ABC8C00BEA495 /* LocalizableView.strings in Resources */,
				DA8FA042203ABC8C00BEA495 /* LocalizableModel.strings in Resources */,
				DA8FA048203ABC8C00BEA495 /* README.md in Resources */,
				DA8FA044203ABC8C00BEA495 /* LocalizableError.strings in Resources */,
			);
			runOnlyForDeploymentPostprocessing = 0;
		};
/* End PBXResourcesBuildPhase section */

/* Begin PBXSourcesBuildPhase section */
		DAE5F65220370A930023E75B /* Sources */ = {
			isa = PBXSourcesBuildPhase;
			buildActionMask = 2147483647;
			files = (
				DA8FA0E1203B2A0300BEA495 /* ExtensionUIFont.swift in Sources */,
				DA8FA0EF203B2A0300BEA495 /* Menu+Factory.swift in Sources */,
				DA8FA067203AD28500BEA495 /* ArchHome.swift in Sources */,
				DA8FA0D0203B2A0300BEA495 /* ViewMain.swift in Sources */,
				DA8FA0C0203B2A0300BEA495 /* ViewCollectionReusable.swift in Sources */,
				DA8FA0EE203B2A0300BEA495 /* MenuItemHome.swift in Sources */,
				DA8FA0BE203B2A0300BEA495 /* ViewAlert.swift in Sources */,
				DA4A2781203C01D800F57044 /* ControllerParent+Push.swift in Sources */,
				DA8FA0BF203B2A0300BEA495 /* ViewPushBackground.swift in Sources */,
				DA8FA0BC203B2A0300BEA495 /* ViewCollectionCell.swift in Sources */,
				DA8FA0C3203B2A0300BEA495 /* ViewSpinner+Constants.swift in Sources */,
				DA8FA0D9203B2A0300BEA495 /* ExtensionNSMutableAttributedString.swift in Sources */,
				DA8FA0B7203B2A0300BEA495 /* ViewBarBack.swift in Sources */,
				DA8FA0E3203B2A0300BEA495 /* ExtensionData.swift in Sources */,
				DA8FA0E5203B2A0300BEA495 /* ExtensionString.swift in Sources */,
				DA8FA0F1203B2A0300BEA495 /* MenuItemGenericProtocol.swift in Sources */,
				DA8FA0DC203B2A0300BEA495 /* ExtensionString+Constants.swift in Sources */,
				DA8FA0C1203B2A0300BEA495 /* ViewCollectionFlow.swift in Sources */,
				DA8FA0CD203B2A0300BEA495 /* View.swift in Sources */,
				DA8FA0BA203B2A0300BEA495 /* ViewButtonContinue+Constants.swift in Sources */,
				DA8FA0D5203B2A0300BEA495 /* ViewControllableProtocol.swift in Sources */,
				DA8FA0EB203B2A0300BEA495 /* MenuItemGenericProtocol+Default.swift in Sources */,
				DA8FA0C6203B2A0300BEA495 /* ViewSpinner.swift in Sources */,
				DA8FA0DE203B2A0300BEA495 /* ExtensionURLResponse.swift in Sources */,
				DA8FA0CA203B2A0300BEA495 /* ViewMenu.swift in Sources */,
				DA8FA064203AD28500BEA495 /* ControllerParent.swift in Sources */,
				DA8FA0DA203B2A0300BEA495 /* ExtensionCGImage.swift in Sources */,
				DA8FA05F203AD28500BEA495 /* Controller+Alert.swift in Sources */,
				DA8FA0E6203B2A0300BEA495 /* ExtensionUIFont+Constants.swift in Sources */,
				DA8FA0D3203B2A0300BEA495 /* ViewParent+Constants.swift in Sources */,
				DA8FA060203AD28500BEA495 /* ControllerParent+Menu.swift in Sources */,
				DA8FA0DB203B2A0300BEA495 /* ExtensionMKPolyline.swift in Sources */,
				DA8FA0D6203B2A0300BEA495 /* ExtensionDictionary.swift in Sources */,
				DA8FA0E8203B2A0300BEA495 /* ExtensionURL.swift in Sources */,
				DA4A2787203C0B8600F57044 /* ControllerTransitionPop.swift in Sources */,
				DA8FA0D4203B2A0300BEA495 /* ViewParent+Gesture.swift in Sources */,
				DA8FA0C9203B2A0300BEA495 /* ViewMenu+Collection.swift in Sources */,
				DA8FA0DD203B2A0300BEA495 /* ExtensionFileManager.swift in Sources */,
				DA8FA0B6203B2A0300BEA495 /* ViewHome.swift in Sources */,
				DA8FA05D203AD28500BEA495 /* ControllerParent+Orientation.swift in Sources */,
				DA8FA0E2203B2A0300BEA495 /* ExtensionUIImage.swift in Sources */,
				DA8FA063203AD28500BEA495 /* ControllerTransition.swift in Sources */,
				DA8FA0C5203B2A0300BEA495 /* ViewBorder.swift in Sources */,
				DA8FA0D7203B2A0300BEA495 /* ExtensionNotification.swift in Sources */,
				DA8FA0ED203B2A0300BEA495 /* MenuItemProtocol.swift in Sources */,
				DA8FA0CF203B2A0300BEA495 /* ViewGlobal.swift in Sources */,
				DA8FA0F0203B2A0300BEA495 /* Menu+Constants.swift in Sources */,
				DA8FA0EC203B2A0300BEA495 /* MenuItemGeneric.swift in Sources */,
				DA8FA0F3203B2A0300BEA495 /* Menu+Order.swift in Sources */,
				DA8FA0C2203B2A0300BEA495 /* ViewBlur.swift in Sources */,
				DA4A2785203C073200F57044 /* ControllerTransitionPush.swift in Sources */,
				DA8FA0D1203B2A0300BEA495 /* ViewTransitionableProtocol.swift in Sources */,
				DA8FA0E7203B2A0300BEA495 /* ExtensionUICollectionReusableView.swift in Sources */,
				DA8FA065203AD28500BEA495 /* ControllerHome.swift in Sources */,
				DA8FA0C4203B2A0300BEA495 /* ViewGradient.swift in Sources */,
				DA4A2783203C01F700F57044 /* ControllerParent+Pop.swift in Sources */,
				DA8FA0E9203B2A0300BEA495 /* Model.swift in Sources */,
				DA8FA0CB203B2A0300BEA495 /* ViewMenu+Synth.swift in Sources */,
				DA8FA0DF203B2A0300BEA495 /* ExtensionMKAnnotationView.swift in Sources */,
				DA8FA0E4203B2A0300BEA495 /* ExtensionNSManagedObject.swift in Sources */,
				DA8FA062203AD28500BEA495 /* AppDelegate.swift in Sources */,
				DA8FA0CC203B2A0300BEA495 /* ViewMenuCell.swift in Sources */,
				DA8FA0B9203B2A0300BEA495 /* ViewBar.swift in Sources */,
				DA8FA0C7203B2A0300BEA495 /* ViewGradient+Constants.swift in Sources */,
				DA8FA0BB203B2A0300BEA495 /* ViewAlert+Constants.swift in Sources */,
				DA8FA0D2203B2A0300BEA495 /* ViewParent+Transitions.swift in Sources */,
				DA8FA0CE203B2A0300BEA495 /* ViewParent.swift in Sources */,
				DA8FA066203AD28500BEA495 /* Arch.swift in Sources */,
				DA8FA0F2203B2A0300BEA495 /* Menu.swift in Sources */,
				DA8FA06B203B200E00BEA495 /* ControllerTransition+Factory.swift in Sources */,
				DA8FA0EA203B2A0300BEA495 /* Home.swift in Sources */,
				DA8FA0BD203B2A0300BEA495 /* ViewCollection.swift in Sources */,
				DA8FA0D8203B2A0300BEA495 /* ExtensionUIColor.swift in Sources */,
				DA8FA05C203AD28500BEA495 /* Controller.swift in Sources */,
				DA8FA0C8203B2A0300BEA495 /* ViewMenu+Actions.swift in Sources */,
				DA8FA05E203AD28500BEA495 /* ControllerParent+Constants.swift in Sources */,
				DA8FA0B8203B2A0300BEA495 /* ViewButtonContinue.swift in Sources */,
				DA8FA0E0203B2A0300BEA495 /* ExtensionNSLayoutConstraint.swift in Sources */,
			);
			runOnlyForDeploymentPostprocessing = 0;
		};
/* End PBXSourcesBuildPhase section */

/* Begin PBXVariantGroup section */
		DA8F9FCF203ABC8C00BEA495 /* LocalizableModel.strings */ = {
			isa = PBXVariantGroup;
			children = (
				DA8F9FD0203ABC8C00BEA495 /* en */,
			);
			name = LocalizableModel.strings;
			sourceTree = "<group>";
		};
		DA8F9FD1203ABC8C00BEA495 /* InfoPlist.strings */ = {
			isa = PBXVariantGroup;
			children = (
				DA8F9FD2203ABC8C00BEA495 /* en */,
			);
			name = InfoPlist.strings;
			sourceTree = "<group>";
		};
		DA8F9FD3203ABC8C00BEA495 /* LocalizableError.strings */ = {
			isa = PBXVariantGroup;
			children = (
				DA8F9FD4203ABC8C00BEA495 /* en */,
			);
			name = LocalizableError.strings;
			sourceTree = "<group>";
		};
		DA8F9FD5203ABC8C00BEA495 /* LocalizableView.strings */ = {
			isa = PBXVariantGroup;
			children = (
				DA8F9FD6203ABC8C00BEA495 /* en */,
			);
			name = LocalizableView.strings;
			sourceTree = "<group>";
		};
		DA8F9FD7203ABC8C00BEA495 /* LocalizableController.strings */ = {
			isa = PBXVariantGroup;
			children = (
				DA8F9FD8203ABC8C00BEA495 /* en */,
			);
			name = LocalizableController.strings;
			sourceTree = "<group>";
		};
/* End PBXVariantGroup section */

/* Begin XCBuildConfiguration section */
		DAE5F66620370A930023E75B /* Debug */ = {
			isa = XCBuildConfiguration;
			buildSettings = {
				ALWAYS_SEARCH_USER_PATHS = NO;
				CLANG_ANALYZER_NONNULL = YES;
				CLANG_ANALYZER_NUMBER_OBJECT_CONVERSION = YES_AGGRESSIVE;
				CLANG_CXX_LANGUAGE_STANDARD = "gnu++14";
				CLANG_CXX_LIBRARY = "libc++";
				CLANG_ENABLE_MODULES = YES;
				CLANG_ENABLE_OBJC_ARC = YES;
				CLANG_WARN_BLOCK_CAPTURE_AUTORELEASING = YES;
				CLANG_WARN_BOOL_CONVERSION = YES;
				CLANG_WARN_COMMA = YES;
				CLANG_WARN_CONSTANT_CONVERSION = YES;
				CLANG_WARN_DIRECT_OBJC_ISA_USAGE = YES_ERROR;
				CLANG_WARN_DOCUMENTATION_COMMENTS = YES;
				CLANG_WARN_EMPTY_BODY = YES;
				CLANG_WARN_ENUM_CONVERSION = YES;
				CLANG_WARN_INFINITE_RECURSION = YES;
				CLANG_WARN_INT_CONVERSION = YES;
				CLANG_WARN_NON_LITERAL_NULL_CONVERSION = YES;
				CLANG_WARN_OBJC_LITERAL_CONVERSION = YES;
				CLANG_WARN_OBJC_ROOT_CLASS = YES_ERROR;
				CLANG_WARN_RANGE_LOOP_ANALYSIS = YES;
				CLANG_WARN_STRICT_PROTOTYPES = YES;
				CLANG_WARN_SUSPICIOUS_MOVE = YES;
				CLANG_WARN_UNGUARDED_AVAILABILITY = YES_AGGRESSIVE;
				CLANG_WARN_UNREACHABLE_CODE = YES;
				CLANG_WARN__DUPLICATE_METHOD_MATCH = YES;
				CODE_SIGN_IDENTITY = "iPhone Developer";
				COPY_PHASE_STRIP = NO;
				DEBUG_INFORMATION_FORMAT = dwarf;
				ENABLE_STRICT_OBJC_MSGSEND = YES;
				ENABLE_TESTABILITY = YES;
				GCC_C_LANGUAGE_STANDARD = gnu11;
				GCC_DYNAMIC_NO_PIC = NO;
				GCC_NO_COMMON_BLOCKS = YES;
				GCC_OPTIMIZATION_LEVEL = 0;
				GCC_PREPROCESSOR_DEFINITIONS = (
					"DEBUG=1",
					"$(inherited)",
				);
				GCC_WARN_64_TO_32_BIT_CONVERSION = YES;
				GCC_WARN_ABOUT_RETURN_TYPE = YES_ERROR;
				GCC_WARN_UNDECLARED_SELECTOR = YES;
				GCC_WARN_UNINITIALIZED_AUTOS = YES_AGGRESSIVE;
				GCC_WARN_UNUSED_FUNCTION = YES;
				GCC_WARN_UNUSED_VARIABLE = YES;
				IPHONEOS_DEPLOYMENT_TARGET = 11.2;
				MTL_ENABLE_DEBUG_INFO = YES;
				ONLY_ACTIVE_ARCH = YES;
				SDKROOT = iphoneos;
				SWIFT_ACTIVE_COMPILATION_CONDITIONS = DEBUG;
				SWIFT_OPTIMIZATION_LEVEL = "-Onone";
			};
			name = Debug;
		};
		DAE5F66720370A930023E75B /* Release */ = {
			isa = XCBuildConfiguration;
			buildSettings = {
				ALWAYS_SEARCH_USER_PATHS = NO;
				CLANG_ANALYZER_NONNULL = YES;
				CLANG_ANALYZER_NUMBER_OBJECT_CONVERSION = YES_AGGRESSIVE;
				CLANG_CXX_LANGUAGE_STANDARD = "gnu++14";
				CLANG_CXX_LIBRARY = "libc++";
				CLANG_ENABLE_MODULES = YES;
				CLANG_ENABLE_OBJC_ARC = YES;
				CLANG_WARN_BLOCK_CAPTURE_AUTORELEASING = YES;
				CLANG_WARN_BOOL_CONVERSION = YES;
				CLANG_WARN_COMMA = YES;
				CLANG_WARN_CONSTANT_CONVERSION = YES;
				CLANG_WARN_DIRECT_OBJC_ISA_USAGE = YES_ERROR;
				CLANG_WARN_DOCUMENTATION_COMMENTS = YES;
				CLANG_WARN_EMPTY_BODY = YES;
				CLANG_WARN_ENUM_CONVERSION = YES;
				CLANG_WARN_INFINITE_RECURSION = YES;
				CLANG_WARN_INT_CONVERSION = YES;
				CLANG_WARN_NON_LITERAL_NULL_CONVERSION = YES;
				CLANG_WARN_OBJC_LITERAL_CONVERSION = YES;
				CLANG_WARN_OBJC_ROOT_CLASS = YES_ERROR;
				CLANG_WARN_RANGE_LOOP_ANALYSIS = YES;
				CLANG_WARN_STRICT_PROTOTYPES = YES;
				CLANG_WARN_SUSPICIOUS_MOVE = YES;
				CLANG_WARN_UNGUARDED_AVAILABILITY = YES_AGGRESSIVE;
				CLANG_WARN_UNREACHABLE_CODE = YES;
				CLANG_WARN__DUPLICATE_METHOD_MATCH = YES;
				CODE_SIGN_IDENTITY = "iPhone Developer";
				COPY_PHASE_STRIP = NO;
				DEBUG_INFORMATION_FORMAT = "dwarf-with-dsym";
				ENABLE_NS_ASSERTIONS = NO;
				ENABLE_STRICT_OBJC_MSGSEND = YES;
				GCC_C_LANGUAGE_STANDARD = gnu11;
				GCC_NO_COMMON_BLOCKS = YES;
				GCC_WARN_64_TO_32_BIT_CONVERSION = YES;
				GCC_WARN_ABOUT_RETURN_TYPE = YES_ERROR;
				GCC_WARN_UNDECLARED_SELECTOR = YES;
				GCC_WARN_UNINITIALIZED_AUTOS = YES_AGGRESSIVE;
				GCC_WARN_UNUSED_FUNCTION = YES;
				GCC_WARN_UNUSED_VARIABLE = YES;
				IPHONEOS_DEPLOYMENT_TARGET = 11.2;
				MTL_ENABLE_DEBUG_INFO = NO;
				SDKROOT = iphoneos;
				SWIFT_OPTIMIZATION_LEVEL = "-Owholemodule";
				VALIDATE_PRODUCT = YES;
			};
			name = Release;
		};
		DAE5F66920370A930023E75B /* Debug */ = {
			isa = XCBuildConfiguration;
			buildSettings = {
				ASSETCATALOG_COMPILER_APPICON_NAME = AppIcon;
				CODE_SIGN_STYLE = Automatic;
				DEVELOPMENT_TEAM = 7AMWG3RLHN;
				INFOPLIST_FILE = "$(SRCROOT)/Info/Info.plist";
				LD_RUNPATH_SEARCH_PATHS = "$(inherited) @executable_path/Frameworks";
				PRODUCT_BUNDLE_IDENTIFIER = iturbide.radcity;
				PRODUCT_NAME = "$(TARGET_NAME)";
				SWIFT_VERSION = 4.0;
				TARGETED_DEVICE_FAMILY = "1,2";
			};
			name = Debug;
		};
		DAE5F66A20370A930023E75B /* Release */ = {
			isa = XCBuildConfiguration;
			buildSettings = {
				ASSETCATALOG_COMPILER_APPICON_NAME = AppIcon;
				CODE_SIGN_STYLE = Automatic;
				DEVELOPMENT_TEAM = 7AMWG3RLHN;
				INFOPLIST_FILE = "$(SRCROOT)/Info/Info.plist";
				LD_RUNPATH_SEARCH_PATHS = "$(inherited) @executable_path/Frameworks";
				PRODUCT_BUNDLE_IDENTIFIER = iturbide.radcity;
				PRODUCT_NAME = "$(TARGET_NAME)";
				SWIFT_VERSION = 4.0;
				TARGETED_DEVICE_FAMILY = "1,2";
			};
			name = Release;
		};
/* End XCBuildConfiguration section */

/* Begin XCConfigurationList section */
		DAE5F65120370A930023E75B /* Build configuration list for PBXProject "radcity" */ = {
			isa = XCConfigurationList;
			buildConfigurations = (
				DAE5F66620370A930023E75B /* Debug */,
				DAE5F66720370A930023E75B /* Release */,
			);
			defaultConfigurationIsVisible = 0;
			defaultConfigurationName = Release;
		};
		DAE5F66820370A930023E75B /* Build configuration list for PBXNativeTarget "radcity" */ = {
			isa = XCConfigurationList;
			buildConfigurations = (
				DAE5F66920370A930023E75B /* Debug */,
				DAE5F66A20370A930023E75B /* Release */,
			);
			defaultConfigurationIsVisible = 0;
			defaultConfigurationName = Release;
		};
/* End XCConfigurationList section */
	};
	rootObject = DAE5F64E20370A930023E75B /* Project object */;
}
