// !$*UTF8*$!
{
	archiveVersion = 1;
	classes = {
	};
	objectVersion = 48;
	objects = {

/* Begin PBXBuildFile section */
		DAD5421B203DCA0F0003402F /* LocalizableModel.strings in Resources */ = {isa = PBXBuildFile; fileRef = DAD5420E203DCA0E0003402F /* LocalizableModel.strings */; };
		DAD5421C203DCA0F0003402F /* InfoPlist.strings in Resources */ = {isa = PBXBuildFile; fileRef = DAD54210203DCA0E0003402F /* InfoPlist.strings */; };
		DAD5421D203DCA0F0003402F /* LocalizableError.strings in Resources */ = {isa = PBXBuildFile; fileRef = DAD54212203DCA0E0003402F /* LocalizableError.strings */; };
		DAD5421E203DCA0F0003402F /* LocalizableView.strings in Resources */ = {isa = PBXBuildFile; fileRef = DAD54214203DCA0E0003402F /* LocalizableView.strings */; };
		DAD5421F203DCA0F0003402F /* LocalizableController.strings in Resources */ = {isa = PBXBuildFile; fileRef = DAD54216203DCA0E0003402F /* LocalizableController.strings */; };
		DAD54225203DCACC0003402F /* Application.swift in Sources */ = {isa = PBXBuildFile; fileRef = DAD54224203DCACC0003402F /* Application.swift */; };
		DAD54227203DCB9D0003402F /* Controller.swift in Sources */ = {isa = PBXBuildFile; fileRef = DAD54226203DCB9D0003402F /* Controller.swift */; };
/* End PBXBuildFile section */

/* Begin PBXFileReference section */
		DA1D8507203DB86D008BAFE1 /* .codebeatsettings */ = {isa = PBXFileReference; lastKnownFileType = text; path = .codebeatsettings; sourceTree = "<group>"; };
		DA1D8508203DB86D008BAFE1 /* .gitignore */ = {isa = PBXFileReference; lastKnownFileType = text; path = .gitignore; sourceTree = "<group>"; };
		DA1D8509203DB86D008BAFE1 /* LICENSE */ = {isa = PBXFileReference; lastKnownFileType = text; path = LICENSE; sourceTree = "<group>"; };
		DA1D850A203DB86D008BAFE1 /* README.md */ = {isa = PBXFileReference; lastKnownFileType = net.daringfireball.markdown; path = README.md; sourceTree = "<group>"; };
		DAD54206203DCA0E0003402F /* versioner.sh */ = {isa = PBXFileReference; fileEncoding = 4; lastKnownFileType = text.script.sh; path = versioner.sh; sourceTree = "<group>"; };
		DAD5420F203DCA0E0003402F /* en */ = {isa = PBXFileReference; lastKnownFileType = text.plist.strings; name = en; path = en.lproj/LocalizableModel.strings; sourceTree = "<group>"; };
		DAD54211203DCA0E0003402F /* en */ = {isa = PBXFileReference; lastKnownFileType = text.plist.strings; name = en; path = en.lproj/InfoPlist.strings; sourceTree = "<group>"; };
		DAD54213203DCA0E0003402F /* en */ = {isa = PBXFileReference; lastKnownFileType = text.plist.strings; name = en; path = en.lproj/LocalizableError.strings; sourceTree = "<group>"; };
		DAD54215203DCA0E0003402F /* en */ = {isa = PBXFileReference; lastKnownFileType = text.plist.strings; name = en; path = en.lproj/LocalizableView.strings; sourceTree = "<group>"; };
		DAD54217203DCA0F0003402F /* en */ = {isa = PBXFileReference; lastKnownFileType = text.plist.strings; name = en; path = en.lproj/LocalizableController.strings; sourceTree = "<group>"; };
		DAD54219203DCA0F0003402F /* Info.plist */ = {isa = PBXFileReference; fileEncoding = 4; lastKnownFileType = text.plist.xml; path = Info.plist; sourceTree = "<group>"; };
		DAD54224203DCACC0003402F /* Application.swift */ = {isa = PBXFileReference; lastKnownFileType = sourcecode.swift; path = Application.swift; sourceTree = "<group>"; };
		DAD54226203DCB9D0003402F /* Controller.swift */ = {isa = PBXFileReference; lastKnownFileType = sourcecode.swift; path = Controller.swift; sourceTree = "<group>"; };
		DAE5F65620370A930023E75B /* radcity.app */ = {isa = PBXFileReference; explicitFileType = wrapper.application; includeInIndex = 0; path = radcity.app; sourceTree = BUILT_PRODUCTS_DIR; };
/* End PBXFileReference section */

/* Begin PBXFrameworksBuildPhase section */
		DAE5F65320370A930023E75B /* Frameworks */ = {
			isa = PBXFrameworksBuildPhase;
			buildActionMask = 2147483647;
			files = (
			);
			runOnlyForDeploymentPostprocessing = 0;
		};
/* End PBXFrameworksBuildPhase section */

/* Begin PBXGroup section */
		DAD54205203DCA0E0003402F /* Scripts */ = {
			isa = PBXGroup;
			children = (
				DAD54206203DCA0E0003402F /* versioner.sh */,
			);
			path = Scripts;
			sourceTree = "<group>";
		};
		DAD54207203DCA0E0003402F /* Source */ = {
			isa = PBXGroup;
			children = (
				DAD54208203DCA0E0003402F /* Extension */,
				DAD54209203DCA0E0003402F /* Controller */,
				DAD5420A203DCA0E0003402F /* Architecture */,
				DAD5420B203DCA0E0003402F /* Model */,
				DAD5420C203DCA0E0003402F /* View */,
			);
			path = Source;
			sourceTree = "<group>";
		};
		DAD54208203DCA0E0003402F /* Extension */ = {
			isa = PBXGroup;
			children = (
			);
			path = Extension;
			sourceTree = "<group>";
		};
		DAD54209203DCA0E0003402F /* Controller */ = {
			isa = PBXGroup;
			children = (
				DAD54223203DCABE0003402F /* Application */,
				DAD54221203DCABE0003402F /* Controller */,
				DAD54222203DCABE0003402F /* Parent */,
			);
			path = Controller;
			sourceTree = "<group>";
		};
		DAD5420A203DCA0E0003402F /* Architecture */ = {
			isa = PBXGroup;
			children = (
			);
			path = Architecture;
			sourceTree = "<group>";
		};
		DAD5420B203DCA0E0003402F /* Model */ = {
			isa = PBXGroup;
			children = (
			);
			path = Model;
			sourceTree = "<group>";
		};
		DAD5420C203DCA0E0003402F /* View */ = {
			isa = PBXGroup;
			children = (
			);
			path = View;
			sourceTree = "<group>";
		};
		DAD5420D203DCA0E0003402F /* Resources */ = {
			isa = PBXGroup;
			children = (
				DAD5420E203DCA0E0003402F /* LocalizableModel.strings */,
				DAD54210203DCA0E0003402F /* InfoPlist.strings */,
				DAD54212203DCA0E0003402F /* LocalizableError.strings */,
				DAD54214203DCA0E0003402F /* LocalizableView.strings */,
				DAD54216203DCA0E0003402F /* LocalizableController.strings */,
			);
			path = Resources;
			sourceTree = "<group>";
		};
		DAD54218203DCA0F0003402F /* Configuration */ = {
			isa = PBXGroup;
			children = (
				DAD54219203DCA0F0003402F /* Info.plist */,
			);
			path = Configuration;
			sourceTree = "<group>";
		};
		DAD54221203DCABE0003402F /* Controller */ = {
			isa = PBXGroup;
			children = (
				DAD54226203DCB9D0003402F /* Controller.swift */,
			);
			path = Controller;
			sourceTree = "<group>";
		};
		DAD54222203DCABE0003402F /* Parent */ = {
			isa = PBXGroup;
			children = (
			);
			path = Parent;
			sourceTree = "<group>";
		};
		DAD54223203DCABE0003402F /* Application */ = {
			isa = PBXGroup;
			children = (
				DAD54224203DCACC0003402F /* Application.swift */,
			);
			path = Application;
			sourceTree = "<group>";
		};
		DAE5F64D20370A930023E75B = {
			isa = PBXGroup;
			children = (
				DAD54218203DCA0F0003402F /* Configuration */,
				DAD5420D203DCA0E0003402F /* Resources */,
				DAD54205203DCA0E0003402F /* Scripts */,
				DAD54207203DCA0E0003402F /* Source */,
				DA1D8509203DB86D008BAFE1 /* LICENSE */,
				DA1D850A203DB86D008BAFE1 /* README.md */,
				DA1D8507203DB86D008BAFE1 /* .codebeatsettings */,
				DA1D8508203DB86D008BAFE1 /* .gitignore */,
				DAE5F65720370A930023E75B /* Products */,
			);
			sourceTree = "<group>";
		};
		DAE5F65720370A930023E75B /* Products */ = {
			isa = PBXGroup;
			children = (
				DAE5F65620370A930023E75B /* radcity.app */,
			);
			name = Products;
			sourceTree = "<group>";
		};
/* End PBXGroup section */

/* Begin PBXNativeTarget section */
		DAE5F65520370A930023E75B /* radcity */ = {
			isa = PBXNativeTarget;
			buildConfigurationList = DAE5F66820370A930023E75B /* Build configuration list for PBXNativeTarget "radcity" */;
			buildPhases = (
				DAE5F65220370A930023E75B /* Sources */,
				DAE5F65320370A930023E75B /* Frameworks */,
				DAE5F65420370A930023E75B /* Resources */,
			);
			buildRules = (
			);
			dependencies = (
			);
			name = radcity;
			productName = radcity;
			productReference = DAE5F65620370A930023E75B /* radcity.app */;
			productType = "com.apple.product-type.application";
		};
/* End PBXNativeTarget section */

/* Begin PBXProject section */
		DAE5F64E20370A930023E75B /* Project object */ = {
			isa = PBXProject;
			attributes = {
				LastSwiftUpdateCheck = 0920;
				LastUpgradeCheck = 0920;
				ORGANIZATIONNAME = iturbide;
				TargetAttributes = {
					DAE5F65520370A930023E75B = {
						CreatedOnToolsVersion = 9.2;
						LastSwiftMigration = 0920;
						ProvisioningStyle = Automatic;
					};
				};
			};
			buildConfigurationList = DAE5F65120370A930023E75B /* Build configuration list for PBXProject "radcity" */;
			compatibilityVersion = "Xcode 8.0";
			developmentRegion = en;
			hasScannedForEncodings = 0;
			knownRegions = (
				en,
			);
			mainGroup = DAE5F64D20370A930023E75B;
			productRefGroup = DAE5F65720370A930023E75B /* Products */;
			projectDirPath = "";
			projectRoot = "";
			targets = (
				DAE5F65520370A930023E75B /* radcity */,
			);
		};
/* End PBXProject section */

/* Begin PBXResourcesBuildPhase section */
		DAE5F65420370A930023E75B /* Resources */ = {
			isa = PBXResourcesBuildPhase;
			buildActionMask = 2147483647;
			files = (
				DAD5421E203DCA0F0003402F /* LocalizableView.strings in Resources */,
				DAD5421D203DCA0F0003402F /* LocalizableError.strings in Resources */,
				DAD5421C203DCA0F0003402F /* InfoPlist.strings in Resources */,
				DAD5421B203DCA0F0003402F /* LocalizableModel.strings in Resources */,
				DAD5421F203DCA0F0003402F /* LocalizableController.strings in Resources */,
			);
			runOnlyForDeploymentPostprocessing = 0;
		};
/* End PBXResourcesBuildPhase section */

/* Begin PBXSourcesBuildPhase section */
		DAE5F65220370A930023E75B /* Sources */ = {
			isa = PBXSourcesBuildPhase;
			buildActionMask = 2147483647;
			files = (
				DAD54225203DCACC0003402F /* Application.swift in Sources */,
				DAD54227203DCB9D0003402F /* Controller.swift in Sources */,
			);
			runOnlyForDeploymentPostprocessing = 0;
		};
/* End PBXSourcesBuildPhase section */

/* Begin PBXVariantGroup section */
		DAD5420E203DCA0E0003402F /* LocalizableModel.strings */ = {
			isa = PBXVariantGroup;
			children = (
				DAD5420F203DCA0E0003402F /* en */,
			);
			name = LocalizableModel.strings;
			sourceTree = "<group>";
		};
		DAD54210203DCA0E0003402F /* InfoPlist.strings */ = {
			isa = PBXVariantGroup;
			children = (
				DAD54211203DCA0E0003402F /* en */,
			);
			name = InfoPlist.strings;
			sourceTree = "<group>";
		};
		DAD54212203DCA0E0003402F /* LocalizableError.strings */ = {
			isa = PBXVariantGroup;
			children = (
				DAD54213203DCA0E0003402F /* en */,
			);
			name = LocalizableError.strings;
			sourceTree = "<group>";
		};
		DAD54214203DCA0E0003402F /* LocalizableView.strings */ = {
			isa = PBXVariantGroup;
			children = (
				DAD54215203DCA0E0003402F /* en */,
			);
			name = LocalizableView.strings;
			sourceTree = "<group>";
		};
		DAD54216203DCA0E0003402F /* LocalizableController.strings */ = {
			isa = PBXVariantGroup;
			children = (
				DAD54217203DCA0F0003402F /* en */,
			);
			name = LocalizableController.strings;
			sourceTree = "<group>";
		};
/* End PBXVariantGroup section */

/* Begin XCBuildConfiguration section */
		DAE5F66620370A930023E75B /* Debug */ = {
			isa = XCBuildConfiguration;
			buildSettings = {
				ALWAYS_SEARCH_USER_PATHS = NO;
				CLANG_ANALYZER_NONNULL = YES;
				CLANG_ANALYZER_NUMBER_OBJECT_CONVERSION = YES_AGGRESSIVE;
				CLANG_CXX_LANGUAGE_STANDARD = "gnu++14";
				CLANG_CXX_LIBRARY = "libc++";
				CLANG_ENABLE_MODULES = NO;
				CLANG_ENABLE_OBJC_ARC = YES;
				CLANG_WARN_BLOCK_CAPTURE_AUTORELEASING = YES;
				CLANG_WARN_BOOL_CONVERSION = YES;
				CLANG_WARN_COMMA = YES;
				CLANG_WARN_CONSTANT_CONVERSION = YES;
				CLANG_WARN_DIRECT_OBJC_ISA_USAGE = YES_ERROR;
				CLANG_WARN_DOCUMENTATION_COMMENTS = YES;
				CLANG_WARN_EMPTY_BODY = YES;
				CLANG_WARN_ENUM_CONVERSION = YES;
				CLANG_WARN_INFINITE_RECURSION = YES;
				CLANG_WARN_INT_CONVERSION = YES;
				CLANG_WARN_NON_LITERAL_NULL_CONVERSION = YES;
				CLANG_WARN_OBJC_LITERAL_CONVERSION = YES;
				CLANG_WARN_OBJC_ROOT_CLASS = YES_ERROR;
				CLANG_WARN_RANGE_LOOP_ANALYSIS = YES;
				CLANG_WARN_STRICT_PROTOTYPES = YES;
				CLANG_WARN_SUSPICIOUS_MOVE = YES;
				CLANG_WARN_UNGUARDED_AVAILABILITY = YES_AGGRESSIVE;
				CLANG_WARN_UNREACHABLE_CODE = YES;
				CLANG_WARN__ARC_BRIDGE_CAST_NONARC = NO;
				CLANG_WARN__DUPLICATE_METHOD_MATCH = YES;
				CODE_SIGN_IDENTITY = "iPhone Developer";
				COPY_PHASE_STRIP = NO;
				DEBUG_INFORMATION_FORMAT = dwarf;
				ENABLE_STRICT_OBJC_MSGSEND = YES;
				ENABLE_TESTABILITY = YES;
				GCC_C_LANGUAGE_STANDARD = gnu11;
				GCC_DYNAMIC_NO_PIC = NO;
				GCC_NO_COMMON_BLOCKS = YES;
				GCC_OPTIMIZATION_LEVEL = 0;
				GCC_PREPROCESSOR_DEFINITIONS = (
					"DEBUG=1",
					"$(inherited)",
				);
				GCC_WARN_64_TO_32_BIT_CONVERSION = YES;
				GCC_WARN_ABOUT_RETURN_TYPE = YES_ERROR;
				GCC_WARN_UNDECLARED_SELECTOR = YES;
				GCC_WARN_UNINITIALIZED_AUTOS = YES_AGGRESSIVE;
				GCC_WARN_UNUSED_FUNCTION = YES;
				GCC_WARN_UNUSED_VARIABLE = YES;
				IPHONEOS_DEPLOYMENT_TARGET = 9.0;
				MTL_ENABLE_DEBUG_INFO = YES;
				ONLY_ACTIVE_ARCH = YES;
				SDKROOT = iphoneos;
				SWIFT_ACTIVE_COMPILATION_CONDITIONS = DEBUG;
				SWIFT_INSTALL_OBJC_HEADER = NO;
				SWIFT_OPTIMIZATION_LEVEL = "-Onone";
			};
			name = Debug;
		};
		DAE5F66720370A930023E75B /* Release */ = {
			isa = XCBuildConfiguration;
			buildSettings = {
				ALWAYS_SEARCH_USER_PATHS = NO;
				CLANG_ANALYZER_NONNULL = YES;
				CLANG_ANALYZER_NUMBER_OBJECT_CONVERSION = YES_AGGRESSIVE;
				CLANG_CXX_LANGUAGE_STANDARD = "gnu++14";
				CLANG_CXX_LIBRARY = "libc++";
				CLANG_ENABLE_MODULES = NO;
				CLANG_ENABLE_OBJC_ARC = YES;
				CLANG_WARN_BLOCK_CAPTURE_AUTORELEASING = YES;
				CLANG_WARN_BOOL_CONVERSION = YES;
				CLANG_WARN_COMMA = YES;
				CLANG_WARN_CONSTANT_CONVERSION = YES;
				CLANG_WARN_DIRECT_OBJC_ISA_USAGE = YES_ERROR;
				CLANG_WARN_DOCUMENTATION_COMMENTS = YES;
				CLANG_WARN_EMPTY_BODY = YES;
				CLANG_WARN_ENUM_CONVERSION = YES;
				CLANG_WARN_INFINITE_RECURSION = YES;
				CLANG_WARN_INT_CONVERSION = YES;
				CLANG_WARN_NON_LITERAL_NULL_CONVERSION = YES;
				CLANG_WARN_OBJC_LITERAL_CONVERSION = YES;
				CLANG_WARN_OBJC_ROOT_CLASS = YES_ERROR;
				CLANG_WARN_RANGE_LOOP_ANALYSIS = YES;
				CLANG_WARN_STRICT_PROTOTYPES = YES;
				CLANG_WARN_SUSPICIOUS_MOVE = YES;
				CLANG_WARN_UNGUARDED_AVAILABILITY = YES_AGGRESSIVE;
				CLANG_WARN_UNREACHABLE_CODE = YES;
				CLANG_WARN__ARC_BRIDGE_CAST_NONARC = NO;
				CLANG_WARN__DUPLICATE_METHOD_MATCH = YES;
				CODE_SIGN_IDENTITY = "iPhone Developer";
				COPY_PHASE_STRIP = NO;
				DEBUG_INFORMATION_FORMAT = "dwarf-with-dsym";
				ENABLE_NS_ASSERTIONS = NO;
				ENABLE_STRICT_OBJC_MSGSEND = YES;
				GCC_C_LANGUAGE_STANDARD = gnu11;
				GCC_NO_COMMON_BLOCKS = YES;
				GCC_WARN_64_TO_32_BIT_CONVERSION = YES;
				GCC_WARN_ABOUT_RETURN_TYPE = YES_ERROR;
				GCC_WARN_UNDECLARED_SELECTOR = YES;
				GCC_WARN_UNINITIALIZED_AUTOS = YES_AGGRESSIVE;
				GCC_WARN_UNUSED_FUNCTION = YES;
				GCC_WARN_UNUSED_VARIABLE = YES;
				IPHONEOS_DEPLOYMENT_TARGET = 9.0;
				MTL_ENABLE_DEBUG_INFO = NO;
				SDKROOT = iphoneos;
				SWIFT_INSTALL_OBJC_HEADER = NO;
				SWIFT_OPTIMIZATION_LEVEL = "-Owholemodule";
				VALIDATE_PRODUCT = YES;
			};
			name = Release;
		};
		DAE5F66920370A930023E75B /* Debug */ = {
			isa = XCBuildConfiguration;
			buildSettings = {
				ASSETCATALOG_COMPILER_APPICON_NAME = AppIcon;
				CLANG_ENABLE_MODULES = YES;
				CODE_SIGN_STYLE = Automatic;
				DEVELOPMENT_TEAM = 7AMWG3RLHN;
				INFOPLIST_FILE = "$(SRCROOT)/Configuration/Info.plist";
				LD_RUNPATH_SEARCH_PATHS = "$(inherited) @executable_path/Frameworks";
				PRODUCT_BUNDLE_IDENTIFIER = iturbide.radcity;
				PRODUCT_NAME = "$(TARGET_NAME)";
				SWIFT_INSTALL_OBJC_HEADER = NO;
				SWIFT_OPTIMIZATION_LEVEL = "-Onone";
				SWIFT_VERSION = 4.0;
				TARGETED_DEVICE_FAMILY = "1,2";
			};
			name = Debug;
		};
		DAE5F66A20370A930023E75B /* Release */ = {
			isa = XCBuildConfiguration;
			buildSettings = {
				ASSETCATALOG_COMPILER_APPICON_NAME = AppIcon;
				CLANG_ENABLE_MODULES = YES;
				CODE_SIGN_STYLE = Automatic;
				DEVELOPMENT_TEAM = 7AMWG3RLHN;
				INFOPLIST_FILE = "$(SRCROOT)/Configuration/Info.plist";
				LD_RUNPATH_SEARCH_PATHS = "$(inherited) @executable_path/Frameworks";
				PRODUCT_BUNDLE_IDENTIFIER = iturbide.radcity;
				PRODUCT_NAME = "$(TARGET_NAME)";
				SWIFT_INSTALL_OBJC_HEADER = NO;
				SWIFT_VERSION = 4.0;
				TARGETED_DEVICE_FAMILY = "1,2";
			};
			name = Release;
		};
/* End XCBuildConfiguration section */

/* Begin XCConfigurationList section */
		DAE5F65120370A930023E75B /* Build configuration list for PBXProject "radcity" */ = {
			isa = XCConfigurationList;
			buildConfigurations = (
				DAE5F66620370A930023E75B /* Debug */,
				DAE5F66720370A930023E75B /* Release */,
			);
			defaultConfigurationIsVisible = 0;
			defaultConfigurationName = Release;
		};
		DAE5F66820370A930023E75B /* Build configuration list for PBXNativeTarget "radcity" */ = {
			isa = XCConfigurationList;
			buildConfigurations = (
				DAE5F66920370A930023E75B /* Debug */,
				DAE5F66A20370A930023E75B /* Release */,
			);
			defaultConfigurationIsVisible = 0;
			defaultConfigurationName = Release;
		};
/* End XCConfigurationList section */
	};
	rootObject = DAE5F64E20370A930023E75B /* Project object */;
}
